// !$*UTF8*$!
{
	archiveVersion = 1;
	classes = {
	};
	objectVersion = 46;
	objects = {

/* Begin PBXBuildFile section */
		210022551BE013B600838A5E /* CoachBioViewController.m in Sources */ = {isa = PBXBuildFile; fileRef = 210022541BE013B600838A5E /* CoachBioViewController.m */; };
		210022571BE17E2E00838A5E /* Brittany-Icon.png in Resources */ = {isa = PBXBuildFile; fileRef = 210022561BE17E2E00838A5E /* Brittany-Icon.png */; };
		2137D7E51BAC973000310545 /* AccountViewController.m in Sources */ = {isa = PBXBuildFile; fileRef = 2137D7E41BAC973000310545 /* AccountViewController.m */; };
		2137D7EB1BAC974200310545 /* AvailableClientsTableViewController.m in Sources */ = {isa = PBXBuildFile; fileRef = 2137D7E81BAC974200310545 /* AvailableClientsTableViewController.m */; };
		2137D7EC1BAC974200310545 /* AvailableClientTableViewCell.m in Sources */ = {isa = PBXBuildFile; fileRef = 2137D7EA1BAC974200310545 /* AvailableClientTableViewCell.m */; };
		2137D7FD1BAC974E00310545 /* ChatViewController.m in Sources */ = {isa = PBXBuildFile; fileRef = 2137D7EE1BAC974E00310545 /* ChatViewController.m */; };
		2137D7FE1BAC974E00310545 /* CheckoutViewController.m in Sources */ = {isa = PBXBuildFile; fileRef = 2137D7F01BAC974E00310545 /* CheckoutViewController.m */; };
		2137D7FF1BAC974E00310545 /* ChooseTrainerTableViewCell.m in Sources */ = {isa = PBXBuildFile; fileRef = 2137D7F21BAC974E00310545 /* ChooseTrainerTableViewCell.m */; };
		2137D8001BAC974E00310545 /* ChooseTrainerTableViewController.m in Sources */ = {isa = PBXBuildFile; fileRef = 2137D7F41BAC974E00310545 /* ChooseTrainerTableViewController.m */; };
		2137D8011BAC974E00310545 /* ClientCollectionViewController.m in Sources */ = {isa = PBXBuildFile; fileRef = 2137D7F61BAC974E00310545 /* ClientCollectionViewController.m */; };
		2137D8021BAC974E00310545 /* ClientListViewController.m in Sources */ = {isa = PBXBuildFile; fileRef = 2137D7F81BAC974E00310545 /* ClientListViewController.m */; };
		2137D8031BAC974E00310545 /* ClientMealsCollectionViewCell.m in Sources */ = {isa = PBXBuildFile; fileRef = 2137D7FA1BAC974E00310545 /* ClientMealsCollectionViewCell.m */; };
		2137D8041BAC974E00310545 /* editImageViewController.m in Sources */ = {isa = PBXBuildFile; fileRef = 2137D7FC1BAC974E00310545 /* editImageViewController.m */; };
		2137D80B1BAC975900310545 /* fullSizeImageViewController.m in Sources */ = {isa = PBXBuildFile; fileRef = 2137D8061BAC975900310545 /* fullSizeImageViewController.m */; };
		2137D8101BAC976000310545 /* imageDetailViewController.m in Sources */ = {isa = PBXBuildFile; fileRef = 2137D80F1BAC976000310545 /* imageDetailViewController.m */; };
		2137D8131BAC977600310545 /* initialViewController.m in Sources */ = {isa = PBXBuildFile; fileRef = 2137D8121BAC977600310545 /* initialViewController.m */; };
		2137D8161BAC977F00310545 /* LauncherViewController.m in Sources */ = {isa = PBXBuildFile; fileRef = 2137D8151BAC977F00310545 /* LauncherViewController.m */; };
		2137D81B1BAC978600310545 /* LoginViewController.m in Sources */ = {isa = PBXBuildFile; fileRef = 2137D8181BAC978600310545 /* LoginViewController.m */; };
		2137D81C1BAC978600310545 /* LogMealSinglePageViewController.m in Sources */ = {isa = PBXBuildFile; fileRef = 2137D81A1BAC978600310545 /* LogMealSinglePageViewController.m */; };
		2137D8211BAC978F00310545 /* ManageSubscriptionViewController.m in Sources */ = {isa = PBXBuildFile; fileRef = 2137D81E1BAC978F00310545 /* ManageSubscriptionViewController.m */; };
		2137D8221BAC978F00310545 /* MarginLabel.m in Sources */ = {isa = PBXBuildFile; fileRef = 2137D8201BAC978F00310545 /* MarginLabel.m */; };
		2137D8271BAC979700310545 /* MatchCoachViewController.m in Sources */ = {isa = PBXBuildFile; fileRef = 2137D8241BAC979700310545 /* MatchCoachViewController.m */; };
		2137D8281BAC979700310545 /* MessagesViewController.m in Sources */ = {isa = PBXBuildFile; fileRef = 2137D8261BAC979700310545 /* MessagesViewController.m */; };
		2137D8371BAC97AF00310545 /* pagecontentViewController.m in Sources */ = {isa = PBXBuildFile; fileRef = 2137D82A1BAC97AE00310545 /* pagecontentViewController.m */; };
		2137D8381BAC97AF00310545 /* PageItemController.m in Sources */ = {isa = PBXBuildFile; fileRef = 2137D82C1BAC97AE00310545 /* PageItemController.m */; };
		2137D8391BAC97AF00310545 /* PageViewController.m in Sources */ = {isa = PBXBuildFile; fileRef = 2137D82E1BAC97AF00310545 /* PageViewController.m */; };
		2137D83A1BAC97AF00310545 /* ParseErrorHandlingController.m in Sources */ = {isa = PBXBuildFile; fileRef = 2137D8301BAC97AF00310545 /* ParseErrorHandlingController.m */; };
		2137D83B1BAC97AF00310545 /* pastMealsViewController.m in Sources */ = {isa = PBXBuildFile; fileRef = 2137D8321BAC97AF00310545 /* pastMealsViewController.m */; };
		2137D83C1BAC97AF00310545 /* PaymentViewController.m in Sources */ = {isa = PBXBuildFile; fileRef = 2137D8341BAC97AF00310545 /* PaymentViewController.m */; };
		2137D83D1BAC97AF00310545 /* phoneLoginViewController.m in Sources */ = {isa = PBXBuildFile; fileRef = 2137D8361BAC97AF00310545 /* phoneLoginViewController.m */; };
		2137D8421BAC97C000310545 /* ProgressViewController.m in Sources */ = {isa = PBXBuildFile; fileRef = 2137D83F1BAC97C000310545 /* ProgressViewController.m */; };
		2137D8461BAC97D200310545 /* RootViewController.m in Sources */ = {isa = PBXBuildFile; fileRef = 2137D8451BAC97D200310545 /* RootViewController.m */; };
		2137D84B1BAC97DB00310545 /* SelectGoalsViewController.m in Sources */ = {isa = PBXBuildFile; fileRef = 2137D8481BAC97DB00310545 /* SelectGoalsViewController.m */; };
		2137D84C1BAC97DB00310545 /* SettingsTableViewController.m in Sources */ = {isa = PBXBuildFile; fileRef = 2137D84A1BAC97DB00310545 /* SettingsTableViewController.m */; };
		2137D8551BAC97E400310545 /* SignUpConversationViewController.m in Sources */ = {isa = PBXBuildFile; fileRef = 2137D84E1BAC97E400310545 /* SignUpConversationViewController.m */; };
		2137D8561BAC97E400310545 /* SignUpLandingVideoViewController.m in Sources */ = {isa = PBXBuildFile; fileRef = 2137D8501BAC97E400310545 /* SignUpLandingVideoViewController.m */; };
		2137D8571BAC97E400310545 /* SignUpViewController.m in Sources */ = {isa = PBXBuildFile; fileRef = 2137D8521BAC97E400310545 /* SignUpViewController.m */; };
		2137D8581BAC97E400310545 /* SlideAnimatedTransitioning.m in Sources */ = {isa = PBXBuildFile; fileRef = 2137D8541BAC97E400310545 /* SlideAnimatedTransitioning.m */; };
		2137D85B1BAC97F000310545 /* stripeViewController.m in Sources */ = {isa = PBXBuildFile; fileRef = 2137D85A1BAC97F000310545 /* stripeViewController.m */; };
		2137D8701BAC980000310545 /* trainerCell.m in Sources */ = {isa = PBXBuildFile; fileRef = 2137D85D1BAC980000310545 /* trainerCell.m */; };
		2137D8711BAC980000310545 /* TrialEndedViewController.m in Sources */ = {isa = PBXBuildFile; fileRef = 2137D85F1BAC980000310545 /* TrialEndedViewController.m */; };
		2137D8721BAC980000310545 /* TrialViewController.m in Sources */ = {isa = PBXBuildFile; fileRef = 2137D8611BAC980000310545 /* TrialViewController.m */; };
		2137D8731BAC980000310545 /* TwilioTestViewController.m in Sources */ = {isa = PBXBuildFile; fileRef = 2137D8631BAC980000310545 /* TwilioTestViewController.m */; };
		2137D8741BAC980000310545 /* UIImage+AlphaAdditions.m in Sources */ = {isa = PBXBuildFile; fileRef = 2137D8651BAC980000310545 /* UIImage+AlphaAdditions.m */; };
		2137D8751BAC980000310545 /* UIImage+ResizeAdditions.m in Sources */ = {isa = PBXBuildFile; fileRef = 2137D8671BAC980000310545 /* UIImage+ResizeAdditions.m */; };
		2137D8761BAC980000310545 /* UIImage+RoundedCornerAdditions.m in Sources */ = {isa = PBXBuildFile; fileRef = 2137D8691BAC980000310545 /* UIImage+RoundedCornerAdditions.m */; };
		2137D8771BAC980000310545 /* UpdateProfileViewController.m in Sources */ = {isa = PBXBuildFile; fileRef = 2137D86B1BAC980000310545 /* UpdateProfileViewController.m */; };
		2137D8781BAC980000310545 /* UserAccountViewController.m in Sources */ = {isa = PBXBuildFile; fileRef = 2137D86D1BAC980000310545 /* UserAccountViewController.m */; };
		2137D8791BAC980000310545 /* VerificationCodeViewController.m in Sources */ = {isa = PBXBuildFile; fileRef = 2137D86F1BAC980000310545 /* VerificationCodeViewController.m */; };
		2137D87C1BAC980D00310545 /* WebViewViewController.m in Sources */ = {isa = PBXBuildFile; fileRef = 2137D87B1BAC980D00310545 /* WebViewViewController.m */; };
		2137D8801BAC9B3400310545 /* Reachability.m in Sources */ = {isa = PBXBuildFile; fileRef = 2137D87F1BAC9B3400310545 /* Reachability.m */; };
		2137D8831BAC9E8D00310545 /* LaunchScreen.xib in Resources */ = {isa = PBXBuildFile; fileRef = 2137D8811BAC9E8D00310545 /* LaunchScreen.xib */; };
		2137D8841BAC9E8D00310545 /* Main.storyboard in Resources */ = {isa = PBXBuildFile; fileRef = 2137D8821BAC9E8D00310545 /* Main.storyboard */; };
		2137D89A1BACA04600310545 /* broWithSmoothie.jpg in Resources */ = {isa = PBXBuildFile; fileRef = 2137D8861BACA04600310545 /* broWithSmoothie.jpg */; };
		2137D89B1BACA04600310545 /* fitness-background.png in Resources */ = {isa = PBXBuildFile; fileRef = 2137D8871BACA04600310545 /* fitness-background.png */; };
		2137D89C1BACA04600310545 /* food-square.png in Resources */ = {isa = PBXBuildFile; fileRef = 2137D8881BACA04600310545 /* food-square.png */; };
		2137D89D1BACA04600310545 /* food.jpg in Resources */ = {isa = PBXBuildFile; fileRef = 2137D8891BACA04600310545 /* food.jpg */; };
		2137D89E1BACA04600310545 /* fruit.png in Resources */ = {isa = PBXBuildFile; fileRef = 2137D88A1BACA04600310545 /* fruit.png */; };
		2137D89F1BACA04600310545 /* healthy-person-woman-sport.jpg in Resources */ = {isa = PBXBuildFile; fileRef = 2137D88B1BACA04600310545 /* healthy-person-woman-sport.jpg */; };
		2137D8A01BACA04600310545 /* iphone_6.png in Resources */ = {isa = PBXBuildFile; fileRef = 2137D88C1BACA04600310545 /* iphone_6.png */; };
		2137D8A11BACA04600310545 /* iphoneCall.png in Resources */ = {isa = PBXBuildFile; fileRef = 2137D88D1BACA04600310545 /* iphoneCall.png */; };
		2137D8A21BACA04600310545 /* Layer 1.png in Resources */ = {isa = PBXBuildFile; fileRef = 2137D88E1BACA04600310545 /* Layer 1.png */; };
		2137D8A31BACA04600310545 /* marketingscreen-coach.png in Resources */ = {isa = PBXBuildFile; fileRef = 2137D88F1BACA04600310545 /* marketingscreen-coach.png */; };
		2137D8A41BACA04600310545 /* marketingscreen-meal.png in Resources */ = {isa = PBXBuildFile; fileRef = 2137D8901BACA04600310545 /* marketingscreen-meal.png */; };
		2137D8A51BACA04600310545 /* MuseoSansRounded-100.otf in Resources */ = {isa = PBXBuildFile; fileRef = 2137D8911BACA04600310545 /* MuseoSansRounded-100.otf */; };
		2137D8A61BACA04600310545 /* MuseoSansRounded-300.otf in Resources */ = {isa = PBXBuildFile; fileRef = 2137D8921BACA04600310545 /* MuseoSansRounded-300.otf */; };
		2137D8A71BACA04600310545 /* MuseoSansRounded-500.otf in Resources */ = {isa = PBXBuildFile; fileRef = 2137D8931BACA04600310545 /* MuseoSansRounded-500.otf */; };
		2137D8A81BACA04600310545 /* profilePlaceholder.png in Resources */ = {isa = PBXBuildFile; fileRef = 2137D8941BACA04600310545 /* profilePlaceholder.png */; };
		2137D8A91BACA04600310545 /* smoothie-stomach.jpg in Resources */ = {isa = PBXBuildFile; fileRef = 2137D8951BACA04600310545 /* smoothie-stomach.jpg */; };
		2137D8AA1BACA04600310545 /* Straberry-in-bowl-login.png in Resources */ = {isa = PBXBuildFile; fileRef = 2137D8961BACA04600310545 /* Straberry-in-bowl-login.png */; };
		2137D8AB1BACA04600310545 /* straws.jpg in Resources */ = {isa = PBXBuildFile; fileRef = 2137D8971BACA04600310545 /* straws.jpg */; };
		2137D8AC1BACA04600310545 /* thomas.JPG in Resources */ = {isa = PBXBuildFile; fileRef = 2137D8981BACA04600310545 /* thomas.JPG */; };
		2137D8AD1BACA04600310545 /* white-button.png in Resources */ = {isa = PBXBuildFile; fileRef = 2137D8991BACA04600310545 /* white-button.png */; };
		215654BB1BFCFBB100FD917D /* CoachCardParentViewController.m in Sources */ = {isa = PBXBuildFile; fileRef = 215654BA1BFCFBB100FD917D /* CoachCardParentViewController.m */; };
		21643A4F1BC56D470099E6FB /* ConvertToFirebaseViewController.m in Sources */ = {isa = PBXBuildFile; fileRef = 21643A4E1BC56D470099E6FB /* ConvertToFirebaseViewController.m */; };
		21646F811BFA2D2E00235D51 /* MandrilTestViewController.m in Sources */ = {isa = PBXBuildFile; fileRef = 21646F801BFA2D2E00235D51 /* MandrilTestViewController.m */; };
		21856A851BCAADFA00E217F7 /* Fabric.framework in Frameworks */ = {isa = PBXBuildFile; fileRef = 21856A831BCAADFA00E217F7 /* Fabric.framework */; };
		21856A861BCAADFA00E217F7 /* Crashlytics.framework in Frameworks */ = {isa = PBXBuildFile; fileRef = 21856A841BCAADFA00E217F7 /* Crashlytics.framework */; };
		2187BD291BD7DFE40058A7C3 /* MealDetailCardViewController.m in Sources */ = {isa = PBXBuildFile; fileRef = 2187BD281BD7DFE40058A7C3 /* MealDetailCardViewController.m */; };
		21C88A271BAC95CF00792E9C /* main.m in Sources */ = {isa = PBXBuildFile; fileRef = 21C88A261BAC95CF00792E9C /* main.m */; };
		21C88A2A1BAC95CF00792E9C /* AppDelegate.m in Sources */ = {isa = PBXBuildFile; fileRef = 21C88A291BAC95CF00792E9C /* AppDelegate.m */; };
		21C88A2D1BAC95CF00792E9C /* ViewController.m in Sources */ = {isa = PBXBuildFile; fileRef = 21C88A2C1BAC95CF00792E9C /* ViewController.m */; };
		21C88A331BAC95CF00792E9C /* Nomful_App.xcdatamodeld in Sources */ = {isa = PBXBuildFile; fileRef = 21C88A311BAC95CF00792E9C /* Nomful_App.xcdatamodeld */; };
		21C88A351BAC95CF00792E9C /* Assets.xcassets in Resources */ = {isa = PBXBuildFile; fileRef = 21C88A341BAC95CF00792E9C /* Assets.xcassets */; };
		21C88A381BAC95CF00792E9C /* LaunchScreen.storyboard in Resources */ = {isa = PBXBuildFile; fileRef = 21C88A361BAC95CF00792E9C /* LaunchScreen.storyboard */; };
		21C88A431BAC95CF00792E9C /* Nomful_AppTests.m in Sources */ = {isa = PBXBuildFile; fileRef = 21C88A421BAC95CF00792E9C /* Nomful_AppTests.m */; };
		21C88A4E1BAC95CF00792E9C /* Nomful_AppUITests.m in Sources */ = {isa = PBXBuildFile; fileRef = 21C88A4D1BAC95CF00792E9C /* Nomful_AppUITests.m */; };
		21D4E2DC1BC2F81D00962C6B /* Chatview.m in Sources */ = {isa = PBXBuildFile; fileRef = 21D4E2DB1BC2F81D00962C6B /* Chatview.m */; };
		21D4E2E21BC2F82800962C6B /* Incoming.m in Sources */ = {isa = PBXBuildFile; fileRef = 21D4E2DF1BC2F82800962C6B /* Incoming.m */; };
		21D4E2E31BC2F82800962C6B /* Outgoing.m in Sources */ = {isa = PBXBuildFile; fileRef = 21D4E2E11BC2F82800962C6B /* Outgoing.m */; };
		21D6C11B1BFB9308000BF35E /* CoachPageContentViewController.m in Sources */ = {isa = PBXBuildFile; fileRef = 21D6C11A1BFB9308000BF35E /* CoachPageContentViewController.m */; };
		21E9012F1BF2C5BF00DDEAFB /* Sean.jpeg in Resources */ = {isa = PBXBuildFile; fileRef = 21E9012E1BF2C5BF00DDEAFB /* Sean.jpeg */; };
		21FECF141BC431E800C5FB8B /* PhotoMediaItem.m in Sources */ = {isa = PBXBuildFile; fileRef = 21FECF131BC431E800C5FB8B /* PhotoMediaItem.m */; };
		5EDD67B4A8A9E0D710949A4F /* libPods-Nomful-App.a in Frameworks */ = {isa = PBXBuildFile; fileRef = DE4DE3B1DF31D17CBF9E1A0C /* libPods-Nomful-App.a */; };
		AF506B75587A9DEF81A83E92 /* libPods-Nomful-AppUITests.a in Frameworks */ = {isa = PBXBuildFile; fileRef = 3D59B015D86A658025692A20 /* libPods-Nomful-AppUITests.a */; };
		D90A71F8CF68228131732D10 /* libPods-Nomful-AppTests.a in Frameworks */ = {isa = PBXBuildFile; fileRef = DF9BA7B1C8F44032E169948A /* libPods-Nomful-AppTests.a */; };
/* End PBXBuildFile section */

/* Begin PBXContainerItemProxy section */
		21C88A3F1BAC95CF00792E9C /* PBXContainerItemProxy */ = {
			isa = PBXContainerItemProxy;
			containerPortal = 21C88A1A1BAC95CF00792E9C /* Project object */;
			proxyType = 1;
			remoteGlobalIDString = 21C88A211BAC95CF00792E9C;
			remoteInfo = "Nomful-App";
		};
		21C88A4A1BAC95CF00792E9C /* PBXContainerItemProxy */ = {
			isa = PBXContainerItemProxy;
			containerPortal = 21C88A1A1BAC95CF00792E9C /* Project object */;
			proxyType = 1;
			remoteGlobalIDString = 21C88A211BAC95CF00792E9C;
			remoteInfo = "Nomful-App";
		};
/* End PBXContainerItemProxy section */

/* Begin PBXFileReference section */
		1C78BC0883C254837912E4D0 /* Pods-Nomful-AppTests.debug.xcconfig */ = {isa = PBXFileReference; includeInIndex = 1; lastKnownFileType = text.xcconfig; name = "Pods-Nomful-AppTests.debug.xcconfig"; path = "Pods/Target Support Files/Pods-Nomful-AppTests/Pods-Nomful-AppTests.debug.xcconfig"; sourceTree = "<group>"; };
		210022531BE013B600838A5E /* CoachBioViewController.h */ = {isa = PBXFileReference; fileEncoding = 4; lastKnownFileType = sourcecode.c.h; path = CoachBioViewController.h; sourceTree = "<group>"; };
		210022541BE013B600838A5E /* CoachBioViewController.m */ = {isa = PBXFileReference; fileEncoding = 4; lastKnownFileType = sourcecode.c.objc; path = CoachBioViewController.m; sourceTree = "<group>"; };
		210022561BE17E2E00838A5E /* Brittany-Icon.png */ = {isa = PBXFileReference; lastKnownFileType = image.png; path = "Brittany-Icon.png"; sourceTree = "<group>"; };
		2137D7E41BAC973000310545 /* AccountViewController.m */ = {isa = PBXFileReference; fileEncoding = 4; lastKnownFileType = sourcecode.c.objc; path = AccountViewController.m; sourceTree = "<group>"; };
		2137D7E61BAC973600310545 /* AccountViewController.h */ = {isa = PBXFileReference; lastKnownFileType = sourcecode.c.h; path = AccountViewController.h; sourceTree = "<group>"; };
		2137D7E71BAC974200310545 /* AvailableClientsTableViewController.h */ = {isa = PBXFileReference; fileEncoding = 4; lastKnownFileType = sourcecode.c.h; path = AvailableClientsTableViewController.h; sourceTree = "<group>"; };
		2137D7E81BAC974200310545 /* AvailableClientsTableViewController.m */ = {isa = PBXFileReference; fileEncoding = 4; lastKnownFileType = sourcecode.c.objc; path = AvailableClientsTableViewController.m; sourceTree = "<group>"; };
		2137D7E91BAC974200310545 /* AvailableClientTableViewCell.h */ = {isa = PBXFileReference; fileEncoding = 4; lastKnownFileType = sourcecode.c.h; path = AvailableClientTableViewCell.h; sourceTree = "<group>"; };
		2137D7EA1BAC974200310545 /* AvailableClientTableViewCell.m */ = {isa = PBXFileReference; fileEncoding = 4; lastKnownFileType = sourcecode.c.objc; path = AvailableClientTableViewCell.m; sourceTree = "<group>"; };
		2137D7ED1BAC974E00310545 /* ChatViewController.h */ = {isa = PBXFileReference; fileEncoding = 4; lastKnownFileType = sourcecode.c.h; path = ChatViewController.h; sourceTree = "<group>"; };
		2137D7EE1BAC974E00310545 /* ChatViewController.m */ = {isa = PBXFileReference; fileEncoding = 4; lastKnownFileType = sourcecode.c.objc; path = ChatViewController.m; sourceTree = "<group>"; };
		2137D7EF1BAC974E00310545 /* CheckoutViewController.h */ = {isa = PBXFileReference; fileEncoding = 4; lastKnownFileType = sourcecode.c.h; path = CheckoutViewController.h; sourceTree = "<group>"; };
		2137D7F01BAC974E00310545 /* CheckoutViewController.m */ = {isa = PBXFileReference; fileEncoding = 4; lastKnownFileType = sourcecode.c.objc; path = CheckoutViewController.m; sourceTree = "<group>"; };
		2137D7F11BAC974E00310545 /* ChooseTrainerTableViewCell.h */ = {isa = PBXFileReference; fileEncoding = 4; lastKnownFileType = sourcecode.c.h; path = ChooseTrainerTableViewCell.h; sourceTree = "<group>"; };
		2137D7F21BAC974E00310545 /* ChooseTrainerTableViewCell.m */ = {isa = PBXFileReference; fileEncoding = 4; lastKnownFileType = sourcecode.c.objc; path = ChooseTrainerTableViewCell.m; sourceTree = "<group>"; };
		2137D7F31BAC974E00310545 /* ChooseTrainerTableViewController.h */ = {isa = PBXFileReference; fileEncoding = 4; lastKnownFileType = sourcecode.c.h; path = ChooseTrainerTableViewController.h; sourceTree = "<group>"; };
		2137D7F41BAC974E00310545 /* ChooseTrainerTableViewController.m */ = {isa = PBXFileReference; fileEncoding = 4; lastKnownFileType = sourcecode.c.objc; path = ChooseTrainerTableViewController.m; sourceTree = "<group>"; };
		2137D7F51BAC974E00310545 /* ClientCollectionViewController.h */ = {isa = PBXFileReference; fileEncoding = 4; lastKnownFileType = sourcecode.c.h; path = ClientCollectionViewController.h; sourceTree = "<group>"; };
		2137D7F61BAC974E00310545 /* ClientCollectionViewController.m */ = {isa = PBXFileReference; fileEncoding = 4; lastKnownFileType = sourcecode.c.objc; path = ClientCollectionViewController.m; sourceTree = "<group>"; };
		2137D7F71BAC974E00310545 /* ClientListViewController.h */ = {isa = PBXFileReference; fileEncoding = 4; lastKnownFileType = sourcecode.c.h; path = ClientListViewController.h; sourceTree = "<group>"; };
		2137D7F81BAC974E00310545 /* ClientListViewController.m */ = {isa = PBXFileReference; fileEncoding = 4; lastKnownFileType = sourcecode.c.objc; path = ClientListViewController.m; sourceTree = "<group>"; };
		2137D7F91BAC974E00310545 /* ClientMealsCollectionViewCell.h */ = {isa = PBXFileReference; fileEncoding = 4; lastKnownFileType = sourcecode.c.h; path = ClientMealsCollectionViewCell.h; sourceTree = "<group>"; };
		2137D7FA1BAC974E00310545 /* ClientMealsCollectionViewCell.m */ = {isa = PBXFileReference; fileEncoding = 4; lastKnownFileType = sourcecode.c.objc; path = ClientMealsCollectionViewCell.m; sourceTree = "<group>"; };
		2137D7FB1BAC974E00310545 /* editImageViewController.h */ = {isa = PBXFileReference; fileEncoding = 4; lastKnownFileType = sourcecode.c.h; path = editImageViewController.h; sourceTree = "<group>"; };
		2137D7FC1BAC974E00310545 /* editImageViewController.m */ = {isa = PBXFileReference; fileEncoding = 4; lastKnownFileType = sourcecode.c.objc; path = editImageViewController.m; sourceTree = "<group>"; };
		2137D8051BAC975900310545 /* fullSizeImageViewController.h */ = {isa = PBXFileReference; fileEncoding = 4; lastKnownFileType = sourcecode.c.h; path = fullSizeImageViewController.h; sourceTree = "<group>"; };
		2137D8061BAC975900310545 /* fullSizeImageViewController.m */ = {isa = PBXFileReference; fileEncoding = 4; lastKnownFileType = sourcecode.c.objc; path = fullSizeImageViewController.m; sourceTree = "<group>"; };
		2137D80E1BAC976000310545 /* imageDetailViewController.h */ = {isa = PBXFileReference; fileEncoding = 4; lastKnownFileType = sourcecode.c.h; path = imageDetailViewController.h; sourceTree = "<group>"; };
		2137D80F1BAC976000310545 /* imageDetailViewController.m */ = {isa = PBXFileReference; fileEncoding = 4; lastKnownFileType = sourcecode.c.objc; path = imageDetailViewController.m; sourceTree = "<group>"; };
		2137D8111BAC977600310545 /* initialViewController.h */ = {isa = PBXFileReference; fileEncoding = 4; lastKnownFileType = sourcecode.c.h; path = initialViewController.h; sourceTree = "<group>"; };
		2137D8121BAC977600310545 /* initialViewController.m */ = {isa = PBXFileReference; fileEncoding = 4; lastKnownFileType = sourcecode.c.objc; path = initialViewController.m; sourceTree = "<group>"; };
		2137D8141BAC977F00310545 /* LauncherViewController.h */ = {isa = PBXFileReference; fileEncoding = 4; lastKnownFileType = sourcecode.c.h; path = LauncherViewController.h; sourceTree = "<group>"; };
		2137D8151BAC977F00310545 /* LauncherViewController.m */ = {isa = PBXFileReference; fileEncoding = 4; lastKnownFileType = sourcecode.c.objc; path = LauncherViewController.m; sourceTree = "<group>"; };
		2137D8171BAC978600310545 /* LoginViewController.h */ = {isa = PBXFileReference; fileEncoding = 4; lastKnownFileType = sourcecode.c.h; path = LoginViewController.h; sourceTree = "<group>"; };
		2137D8181BAC978600310545 /* LoginViewController.m */ = {isa = PBXFileReference; fileEncoding = 4; lastKnownFileType = sourcecode.c.objc; path = LoginViewController.m; sourceTree = "<group>"; };
		2137D8191BAC978600310545 /* LogMealSinglePageViewController.h */ = {isa = PBXFileReference; fileEncoding = 4; lastKnownFileType = sourcecode.c.h; path = LogMealSinglePageViewController.h; sourceTree = "<group>"; };
		2137D81A1BAC978600310545 /* LogMealSinglePageViewController.m */ = {isa = PBXFileReference; fileEncoding = 4; lastKnownFileType = sourcecode.c.objc; path = LogMealSinglePageViewController.m; sourceTree = "<group>"; };
		2137D81D1BAC978F00310545 /* ManageSubscriptionViewController.h */ = {isa = PBXFileReference; fileEncoding = 4; lastKnownFileType = sourcecode.c.h; path = ManageSubscriptionViewController.h; sourceTree = "<group>"; };
		2137D81E1BAC978F00310545 /* ManageSubscriptionViewController.m */ = {isa = PBXFileReference; fileEncoding = 4; lastKnownFileType = sourcecode.c.objc; path = ManageSubscriptionViewController.m; sourceTree = "<group>"; };
		2137D81F1BAC978F00310545 /* MarginLabel.h */ = {isa = PBXFileReference; fileEncoding = 4; lastKnownFileType = sourcecode.c.h; path = MarginLabel.h; sourceTree = "<group>"; };
		2137D8201BAC978F00310545 /* MarginLabel.m */ = {isa = PBXFileReference; fileEncoding = 4; lastKnownFileType = sourcecode.c.objc; path = MarginLabel.m; sourceTree = "<group>"; };
		2137D8231BAC979700310545 /* MatchCoachViewController.h */ = {isa = PBXFileReference; fileEncoding = 4; lastKnownFileType = sourcecode.c.h; path = MatchCoachViewController.h; sourceTree = "<group>"; };
		2137D8241BAC979700310545 /* MatchCoachViewController.m */ = {isa = PBXFileReference; fileEncoding = 4; lastKnownFileType = sourcecode.c.objc; path = MatchCoachViewController.m; sourceTree = "<group>"; };
		2137D8251BAC979700310545 /* MessagesViewController.h */ = {isa = PBXFileReference; fileEncoding = 4; lastKnownFileType = sourcecode.c.h; path = MessagesViewController.h; sourceTree = "<group>"; };
		2137D8261BAC979700310545 /* MessagesViewController.m */ = {isa = PBXFileReference; fileEncoding = 4; lastKnownFileType = sourcecode.c.objc; path = MessagesViewController.m; sourceTree = "<group>"; };
		2137D8291BAC97AE00310545 /* pagecontentViewController.h */ = {isa = PBXFileReference; fileEncoding = 4; lastKnownFileType = sourcecode.c.h; path = pagecontentViewController.h; sourceTree = "<group>"; };
		2137D82A1BAC97AE00310545 /* pagecontentViewController.m */ = {isa = PBXFileReference; fileEncoding = 4; lastKnownFileType = sourcecode.c.objc; path = pagecontentViewController.m; sourceTree = "<group>"; };
		2137D82B1BAC97AE00310545 /* PageItemController.h */ = {isa = PBXFileReference; fileEncoding = 4; lastKnownFileType = sourcecode.c.h; path = PageItemController.h; sourceTree = "<group>"; };
		2137D82C1BAC97AE00310545 /* PageItemController.m */ = {isa = PBXFileReference; fileEncoding = 4; lastKnownFileType = sourcecode.c.objc; path = PageItemController.m; sourceTree = "<group>"; };
		2137D82D1BAC97AE00310545 /* PageViewController.h */ = {isa = PBXFileReference; fileEncoding = 4; lastKnownFileType = sourcecode.c.h; path = PageViewController.h; sourceTree = "<group>"; };
		2137D82E1BAC97AF00310545 /* PageViewController.m */ = {isa = PBXFileReference; fileEncoding = 4; lastKnownFileType = sourcecode.c.objc; path = PageViewController.m; sourceTree = "<group>"; };
		2137D82F1BAC97AF00310545 /* ParseErrorHandlingController.h */ = {isa = PBXFileReference; fileEncoding = 4; lastKnownFileType = sourcecode.c.h; path = ParseErrorHandlingController.h; sourceTree = "<group>"; };
		2137D8301BAC97AF00310545 /* ParseErrorHandlingController.m */ = {isa = PBXFileReference; fileEncoding = 4; lastKnownFileType = sourcecode.c.objc; path = ParseErrorHandlingController.m; sourceTree = "<group>"; };
		2137D8311BAC97AF00310545 /* pastMealsViewController.h */ = {isa = PBXFileReference; fileEncoding = 4; lastKnownFileType = sourcecode.c.h; path = pastMealsViewController.h; sourceTree = "<group>"; };
		2137D8321BAC97AF00310545 /* pastMealsViewController.m */ = {isa = PBXFileReference; fileEncoding = 4; lastKnownFileType = sourcecode.c.objc; path = pastMealsViewController.m; sourceTree = "<group>"; };
		2137D8331BAC97AF00310545 /* PaymentViewController.h */ = {isa = PBXFileReference; fileEncoding = 4; lastKnownFileType = sourcecode.c.h; path = PaymentViewController.h; sourceTree = "<group>"; };
		2137D8341BAC97AF00310545 /* PaymentViewController.m */ = {isa = PBXFileReference; fileEncoding = 4; lastKnownFileType = sourcecode.c.objc; path = PaymentViewController.m; sourceTree = "<group>"; };
		2137D8351BAC97AF00310545 /* phoneLoginViewController.h */ = {isa = PBXFileReference; fileEncoding = 4; lastKnownFileType = sourcecode.c.h; path = phoneLoginViewController.h; sourceTree = "<group>"; };
		2137D8361BAC97AF00310545 /* phoneLoginViewController.m */ = {isa = PBXFileReference; fileEncoding = 4; lastKnownFileType = sourcecode.c.objc; path = phoneLoginViewController.m; sourceTree = "<group>"; };
		2137D83E1BAC97C000310545 /* ProgressViewController.h */ = {isa = PBXFileReference; fileEncoding = 4; lastKnownFileType = sourcecode.c.h; path = ProgressViewController.h; sourceTree = "<group>"; };
		2137D83F1BAC97C000310545 /* ProgressViewController.m */ = {isa = PBXFileReference; fileEncoding = 4; lastKnownFileType = sourcecode.c.objc; path = ProgressViewController.m; sourceTree = "<group>"; };
		2137D8441BAC97D200310545 /* RootViewController.h */ = {isa = PBXFileReference; fileEncoding = 4; lastKnownFileType = sourcecode.c.h; path = RootViewController.h; sourceTree = "<group>"; };
		2137D8451BAC97D200310545 /* RootViewController.m */ = {isa = PBXFileReference; fileEncoding = 4; lastKnownFileType = sourcecode.c.objc; path = RootViewController.m; sourceTree = "<group>"; };
		2137D8471BAC97DB00310545 /* SelectGoalsViewController.h */ = {isa = PBXFileReference; fileEncoding = 4; lastKnownFileType = sourcecode.c.h; path = SelectGoalsViewController.h; sourceTree = "<group>"; };
		2137D8481BAC97DB00310545 /* SelectGoalsViewController.m */ = {isa = PBXFileReference; fileEncoding = 4; lastKnownFileType = sourcecode.c.objc; path = SelectGoalsViewController.m; sourceTree = "<group>"; };
		2137D8491BAC97DB00310545 /* SettingsTableViewController.h */ = {isa = PBXFileReference; fileEncoding = 4; lastKnownFileType = sourcecode.c.h; path = SettingsTableViewController.h; sourceTree = "<group>"; };
		2137D84A1BAC97DB00310545 /* SettingsTableViewController.m */ = {isa = PBXFileReference; fileEncoding = 4; lastKnownFileType = sourcecode.c.objc; path = SettingsTableViewController.m; sourceTree = "<group>"; };
		2137D84D1BAC97E400310545 /* SignUpConversationViewController.h */ = {isa = PBXFileReference; fileEncoding = 4; lastKnownFileType = sourcecode.c.h; path = SignUpConversationViewController.h; sourceTree = "<group>"; };
		2137D84E1BAC97E400310545 /* SignUpConversationViewController.m */ = {isa = PBXFileReference; fileEncoding = 4; lastKnownFileType = sourcecode.c.objc; path = SignUpConversationViewController.m; sourceTree = "<group>"; };
		2137D84F1BAC97E400310545 /* SignUpLandingVideoViewController.h */ = {isa = PBXFileReference; fileEncoding = 4; lastKnownFileType = sourcecode.c.h; path = SignUpLandingVideoViewController.h; sourceTree = "<group>"; };
		2137D8501BAC97E400310545 /* SignUpLandingVideoViewController.m */ = {isa = PBXFileReference; fileEncoding = 4; lastKnownFileType = sourcecode.c.objc; path = SignUpLandingVideoViewController.m; sourceTree = "<group>"; };
		2137D8511BAC97E400310545 /* SignUpViewController.h */ = {isa = PBXFileReference; fileEncoding = 4; lastKnownFileType = sourcecode.c.h; path = SignUpViewController.h; sourceTree = "<group>"; };
		2137D8521BAC97E400310545 /* SignUpViewController.m */ = {isa = PBXFileReference; fileEncoding = 4; lastKnownFileType = sourcecode.c.objc; path = SignUpViewController.m; sourceTree = "<group>"; };
		2137D8531BAC97E400310545 /* SlideAnimatedTransitioning.h */ = {isa = PBXFileReference; fileEncoding = 4; lastKnownFileType = sourcecode.c.h; path = SlideAnimatedTransitioning.h; sourceTree = "<group>"; };
		2137D8541BAC97E400310545 /* SlideAnimatedTransitioning.m */ = {isa = PBXFileReference; fileEncoding = 4; lastKnownFileType = sourcecode.c.objc; path = SlideAnimatedTransitioning.m; sourceTree = "<group>"; };
		2137D8591BAC97F000310545 /* stripeViewController.h */ = {isa = PBXFileReference; fileEncoding = 4; lastKnownFileType = sourcecode.c.h; path = stripeViewController.h; sourceTree = "<group>"; };
		2137D85A1BAC97F000310545 /* stripeViewController.m */ = {isa = PBXFileReference; fileEncoding = 4; lastKnownFileType = sourcecode.c.objc; path = stripeViewController.m; sourceTree = "<group>"; };
		2137D85C1BAC980000310545 /* trainerCell.h */ = {isa = PBXFileReference; fileEncoding = 4; lastKnownFileType = sourcecode.c.h; path = trainerCell.h; sourceTree = "<group>"; };
		2137D85D1BAC980000310545 /* trainerCell.m */ = {isa = PBXFileReference; fileEncoding = 4; lastKnownFileType = sourcecode.c.objc; path = trainerCell.m; sourceTree = "<group>"; };
		2137D85E1BAC980000310545 /* TrialEndedViewController.h */ = {isa = PBXFileReference; fileEncoding = 4; lastKnownFileType = sourcecode.c.h; path = TrialEndedViewController.h; sourceTree = "<group>"; };
		2137D85F1BAC980000310545 /* TrialEndedViewController.m */ = {isa = PBXFileReference; fileEncoding = 4; lastKnownFileType = sourcecode.c.objc; path = TrialEndedViewController.m; sourceTree = "<group>"; };
		2137D8601BAC980000310545 /* TrialViewController.h */ = {isa = PBXFileReference; fileEncoding = 4; lastKnownFileType = sourcecode.c.h; path = TrialViewController.h; sourceTree = "<group>"; };
		2137D8611BAC980000310545 /* TrialViewController.m */ = {isa = PBXFileReference; fileEncoding = 4; lastKnownFileType = sourcecode.c.objc; path = TrialViewController.m; sourceTree = "<group>"; };
		2137D8621BAC980000310545 /* TwilioTestViewController.h */ = {isa = PBXFileReference; fileEncoding = 4; lastKnownFileType = sourcecode.c.h; path = TwilioTestViewController.h; sourceTree = "<group>"; };
		2137D8631BAC980000310545 /* TwilioTestViewController.m */ = {isa = PBXFileReference; fileEncoding = 4; lastKnownFileType = sourcecode.c.objc; path = TwilioTestViewController.m; sourceTree = "<group>"; };
		2137D8641BAC980000310545 /* UIImage+AlphaAdditions.h */ = {isa = PBXFileReference; fileEncoding = 4; lastKnownFileType = sourcecode.c.h; path = "UIImage+AlphaAdditions.h"; sourceTree = "<group>"; };
		2137D8651BAC980000310545 /* UIImage+AlphaAdditions.m */ = {isa = PBXFileReference; fileEncoding = 4; lastKnownFileType = sourcecode.c.objc; path = "UIImage+AlphaAdditions.m"; sourceTree = "<group>"; };
		2137D8661BAC980000310545 /* UIImage+ResizeAdditions.h */ = {isa = PBXFileReference; fileEncoding = 4; lastKnownFileType = sourcecode.c.h; path = "UIImage+ResizeAdditions.h"; sourceTree = "<group>"; };
		2137D8671BAC980000310545 /* UIImage+ResizeAdditions.m */ = {isa = PBXFileReference; fileEncoding = 4; lastKnownFileType = sourcecode.c.objc; path = "UIImage+ResizeAdditions.m"; sourceTree = "<group>"; };
		2137D8681BAC980000310545 /* UIImage+RoundedCornerAdditions.h */ = {isa = PBXFileReference; fileEncoding = 4; lastKnownFileType = sourcecode.c.h; path = "UIImage+RoundedCornerAdditions.h"; sourceTree = "<group>"; };
		2137D8691BAC980000310545 /* UIImage+RoundedCornerAdditions.m */ = {isa = PBXFileReference; fileEncoding = 4; lastKnownFileType = sourcecode.c.objc; path = "UIImage+RoundedCornerAdditions.m"; sourceTree = "<group>"; };
		2137D86A1BAC980000310545 /* UpdateProfileViewController.h */ = {isa = PBXFileReference; fileEncoding = 4; lastKnownFileType = sourcecode.c.h; path = UpdateProfileViewController.h; sourceTree = "<group>"; };
		2137D86B1BAC980000310545 /* UpdateProfileViewController.m */ = {isa = PBXFileReference; fileEncoding = 4; lastKnownFileType = sourcecode.c.objc; path = UpdateProfileViewController.m; sourceTree = "<group>"; };
		2137D86C1BAC980000310545 /* UserAccountViewController.h */ = {isa = PBXFileReference; fileEncoding = 4; lastKnownFileType = sourcecode.c.h; path = UserAccountViewController.h; sourceTree = "<group>"; };
		2137D86D1BAC980000310545 /* UserAccountViewController.m */ = {isa = PBXFileReference; fileEncoding = 4; lastKnownFileType = sourcecode.c.objc; path = UserAccountViewController.m; sourceTree = "<group>"; };
		2137D86E1BAC980000310545 /* VerificationCodeViewController.h */ = {isa = PBXFileReference; fileEncoding = 4; lastKnownFileType = sourcecode.c.h; path = VerificationCodeViewController.h; sourceTree = "<group>"; };
		2137D86F1BAC980000310545 /* VerificationCodeViewController.m */ = {isa = PBXFileReference; fileEncoding = 4; lastKnownFileType = sourcecode.c.objc; path = VerificationCodeViewController.m; sourceTree = "<group>"; };
		2137D87A1BAC980D00310545 /* WebViewViewController.h */ = {isa = PBXFileReference; fileEncoding = 4; lastKnownFileType = sourcecode.c.h; path = WebViewViewController.h; sourceTree = "<group>"; };
		2137D87B1BAC980D00310545 /* WebViewViewController.m */ = {isa = PBXFileReference; fileEncoding = 4; lastKnownFileType = sourcecode.c.objc; path = WebViewViewController.m; sourceTree = "<group>"; };
		2137D87D1BAC986C00310545 /* PrefixHeader.pch */ = {isa = PBXFileReference; fileEncoding = 4; lastKnownFileType = sourcecode.c.h; path = PrefixHeader.pch; sourceTree = "<group>"; };
		2137D87E1BAC9B3400310545 /* Reachability.h */ = {isa = PBXFileReference; fileEncoding = 4; lastKnownFileType = sourcecode.c.h; path = Reachability.h; sourceTree = "<group>"; };
		2137D87F1BAC9B3400310545 /* Reachability.m */ = {isa = PBXFileReference; fileEncoding = 4; lastKnownFileType = sourcecode.c.objc; path = Reachability.m; sourceTree = "<group>"; };
		2137D8811BAC9E8D00310545 /* LaunchScreen.xib */ = {isa = PBXFileReference; fileEncoding = 4; lastKnownFileType = file.xib; path = LaunchScreen.xib; sourceTree = "<group>"; };
		2137D8821BAC9E8D00310545 /* Main.storyboard */ = {isa = PBXFileReference; fileEncoding = 4; lastKnownFileType = file.storyboard; path = Main.storyboard; sourceTree = "<group>"; };
		2137D8861BACA04600310545 /* broWithSmoothie.jpg */ = {isa = PBXFileReference; lastKnownFileType = image.jpeg; path = broWithSmoothie.jpg; sourceTree = "<group>"; };
		2137D8871BACA04600310545 /* fitness-background.png */ = {isa = PBXFileReference; lastKnownFileType = image.png; path = "fitness-background.png"; sourceTree = "<group>"; };
		2137D8881BACA04600310545 /* food-square.png */ = {isa = PBXFileReference; lastKnownFileType = image.png; path = "food-square.png"; sourceTree = "<group>"; };
		2137D8891BACA04600310545 /* food.jpg */ = {isa = PBXFileReference; lastKnownFileType = image.jpeg; path = food.jpg; sourceTree = "<group>"; };
		2137D88A1BACA04600310545 /* fruit.png */ = {isa = PBXFileReference; lastKnownFileType = image.png; path = fruit.png; sourceTree = "<group>"; };
		2137D88B1BACA04600310545 /* healthy-person-woman-sport.jpg */ = {isa = PBXFileReference; lastKnownFileType = image.jpeg; path = "healthy-person-woman-sport.jpg"; sourceTree = "<group>"; };
		2137D88C1BACA04600310545 /* iphone_6.png */ = {isa = PBXFileReference; lastKnownFileType = image.png; path = iphone_6.png; sourceTree = "<group>"; };
		2137D88D1BACA04600310545 /* iphoneCall.png */ = {isa = PBXFileReference; lastKnownFileType = image.png; path = iphoneCall.png; sourceTree = "<group>"; };
		2137D88E1BACA04600310545 /* Layer 1.png */ = {isa = PBXFileReference; lastKnownFileType = image.png; path = "Layer 1.png"; sourceTree = "<group>"; };
		2137D88F1BACA04600310545 /* marketingscreen-coach.png */ = {isa = PBXFileReference; lastKnownFileType = image.png; path = "marketingscreen-coach.png"; sourceTree = "<group>"; };
		2137D8901BACA04600310545 /* marketingscreen-meal.png */ = {isa = PBXFileReference; lastKnownFileType = image.png; path = "marketingscreen-meal.png"; sourceTree = "<group>"; };
		2137D8911BACA04600310545 /* MuseoSansRounded-100.otf */ = {isa = PBXFileReference; lastKnownFileType = file; path = "MuseoSansRounded-100.otf"; sourceTree = "<group>"; };
		2137D8921BACA04600310545 /* MuseoSansRounded-300.otf */ = {isa = PBXFileReference; lastKnownFileType = file; path = "MuseoSansRounded-300.otf"; sourceTree = "<group>"; };
		2137D8931BACA04600310545 /* MuseoSansRounded-500.otf */ = {isa = PBXFileReference; lastKnownFileType = file; path = "MuseoSansRounded-500.otf"; sourceTree = "<group>"; };
		2137D8941BACA04600310545 /* profilePlaceholder.png */ = {isa = PBXFileReference; lastKnownFileType = image.png; path = profilePlaceholder.png; sourceTree = "<group>"; };
		2137D8951BACA04600310545 /* smoothie-stomach.jpg */ = {isa = PBXFileReference; lastKnownFileType = image.jpeg; path = "smoothie-stomach.jpg"; sourceTree = "<group>"; };
		2137D8961BACA04600310545 /* Straberry-in-bowl-login.png */ = {isa = PBXFileReference; lastKnownFileType = image.png; path = "Straberry-in-bowl-login.png"; sourceTree = "<group>"; };
		2137D8971BACA04600310545 /* straws.jpg */ = {isa = PBXFileReference; lastKnownFileType = image.jpeg; path = straws.jpg; sourceTree = "<group>"; };
		2137D8981BACA04600310545 /* thomas.JPG */ = {isa = PBXFileReference; lastKnownFileType = image.jpeg; path = thomas.JPG; sourceTree = "<group>"; };
		2137D8991BACA04600310545 /* white-button.png */ = {isa = PBXFileReference; lastKnownFileType = image.png; path = "white-button.png"; sourceTree = "<group>"; };
		215654B91BFCFBB100FD917D /* CoachCardParentViewController.h */ = {isa = PBXFileReference; fileEncoding = 4; lastKnownFileType = sourcecode.c.h; path = CoachCardParentViewController.h; sourceTree = "<group>"; };
		215654BA1BFCFBB100FD917D /* CoachCardParentViewController.m */ = {isa = PBXFileReference; fileEncoding = 4; lastKnownFileType = sourcecode.c.objc; path = CoachCardParentViewController.m; sourceTree = "<group>"; };
		21643A4D1BC56D470099E6FB /* ConvertToFirebaseViewController.h */ = {isa = PBXFileReference; fileEncoding = 4; lastKnownFileType = sourcecode.c.h; path = ConvertToFirebaseViewController.h; sourceTree = "<group>"; };
		21643A4E1BC56D470099E6FB /* ConvertToFirebaseViewController.m */ = {isa = PBXFileReference; fileEncoding = 4; lastKnownFileType = sourcecode.c.objc; path = ConvertToFirebaseViewController.m; sourceTree = "<group>"; };
		21646F7F1BFA2D2E00235D51 /* MandrilTestViewController.h */ = {isa = PBXFileReference; fileEncoding = 4; lastKnownFileType = sourcecode.c.h; path = MandrilTestViewController.h; sourceTree = "<group>"; };
		21646F801BFA2D2E00235D51 /* MandrilTestViewController.m */ = {isa = PBXFileReference; fileEncoding = 4; lastKnownFileType = sourcecode.c.objc; path = MandrilTestViewController.m; sourceTree = "<group>"; };
		21856A831BCAADFA00E217F7 /* Fabric.framework */ = {isa = PBXFileReference; lastKnownFileType = wrapper.framework; path = Fabric.framework; sourceTree = "<group>"; };
		21856A841BCAADFA00E217F7 /* Crashlytics.framework */ = {isa = PBXFileReference; lastKnownFileType = wrapper.framework; path = Crashlytics.framework; sourceTree = "<group>"; };
		2187BD271BD7DFE40058A7C3 /* MealDetailCardViewController.h */ = {isa = PBXFileReference; fileEncoding = 4; lastKnownFileType = sourcecode.c.h; path = MealDetailCardViewController.h; sourceTree = "<group>"; };
		2187BD281BD7DFE40058A7C3 /* MealDetailCardViewController.m */ = {isa = PBXFileReference; fileEncoding = 4; lastKnownFileType = sourcecode.c.objc; path = MealDetailCardViewController.m; sourceTree = "<group>"; };
		21C6FC4F1BAF20EE004599E8 /* Nomful-App.entitlements */ = {isa = PBXFileReference; lastKnownFileType = text.xml; path = "Nomful-App.entitlements"; sourceTree = "<group>"; };
		21C88A221BAC95CF00792E9C /* Nomful-App.app */ = {isa = PBXFileReference; explicitFileType = wrapper.application; includeInIndex = 0; path = "Nomful-App.app"; sourceTree = BUILT_PRODUCTS_DIR; };
		21C88A261BAC95CF00792E9C /* main.m */ = {isa = PBXFileReference; lastKnownFileType = sourcecode.c.objc; path = main.m; sourceTree = "<group>"; };
		21C88A281BAC95CF00792E9C /* AppDelegate.h */ = {isa = PBXFileReference; lastKnownFileType = sourcecode.c.h; path = AppDelegate.h; sourceTree = "<group>"; };
		21C88A291BAC95CF00792E9C /* AppDelegate.m */ = {isa = PBXFileReference; lastKnownFileType = sourcecode.c.objc; path = AppDelegate.m; sourceTree = "<group>"; };
		21C88A2B1BAC95CF00792E9C /* ViewController.h */ = {isa = PBXFileReference; lastKnownFileType = sourcecode.c.h; path = ViewController.h; sourceTree = "<group>"; };
		21C88A2C1BAC95CF00792E9C /* ViewController.m */ = {isa = PBXFileReference; lastKnownFileType = sourcecode.c.objc; path = ViewController.m; sourceTree = "<group>"; };
		21C88A321BAC95CF00792E9C /* Nomful_App.xcdatamodel */ = {isa = PBXFileReference; lastKnownFileType = wrapper.xcdatamodel; path = Nomful_App.xcdatamodel; sourceTree = "<group>"; };
		21C88A341BAC95CF00792E9C /* Assets.xcassets */ = {isa = PBXFileReference; lastKnownFileType = folder.assetcatalog; path = Assets.xcassets; sourceTree = "<group>"; };
		21C88A371BAC95CF00792E9C /* Base */ = {isa = PBXFileReference; lastKnownFileType = file.storyboard; name = Base; path = Base.lproj/LaunchScreen.storyboard; sourceTree = "<group>"; };
		21C88A391BAC95CF00792E9C /* Info.plist */ = {isa = PBXFileReference; lastKnownFileType = text.plist.xml; path = Info.plist; sourceTree = "<group>"; };
		21C88A3E1BAC95CF00792E9C /* Nomful-AppTests.xctest */ = {isa = PBXFileReference; explicitFileType = wrapper.cfbundle; includeInIndex = 0; path = "Nomful-AppTests.xctest"; sourceTree = BUILT_PRODUCTS_DIR; };
		21C88A421BAC95CF00792E9C /* Nomful_AppTests.m */ = {isa = PBXFileReference; lastKnownFileType = sourcecode.c.objc; path = Nomful_AppTests.m; sourceTree = "<group>"; };
		21C88A441BAC95CF00792E9C /* Info.plist */ = {isa = PBXFileReference; lastKnownFileType = text.plist.xml; path = Info.plist; sourceTree = "<group>"; };
		21C88A491BAC95CF00792E9C /* Nomful-AppUITests.xctest */ = {isa = PBXFileReference; explicitFileType = wrapper.cfbundle; includeInIndex = 0; path = "Nomful-AppUITests.xctest"; sourceTree = BUILT_PRODUCTS_DIR; };
		21C88A4D1BAC95CF00792E9C /* Nomful_AppUITests.m */ = {isa = PBXFileReference; lastKnownFileType = sourcecode.c.objc; path = Nomful_AppUITests.m; sourceTree = "<group>"; };
		21C88A4F1BAC95CF00792E9C /* Info.plist */ = {isa = PBXFileReference; lastKnownFileType = text.plist.xml; path = Info.plist; sourceTree = "<group>"; };
		21D4E2DA1BC2F81D00962C6B /* Chatview.h */ = {isa = PBXFileReference; fileEncoding = 4; lastKnownFileType = sourcecode.c.h; path = Chatview.h; sourceTree = "<group>"; };
		21D4E2DB1BC2F81D00962C6B /* Chatview.m */ = {isa = PBXFileReference; fileEncoding = 4; lastKnownFileType = sourcecode.c.objc; path = Chatview.m; sourceTree = "<group>"; };
		21D4E2DE1BC2F82800962C6B /* Incoming.h */ = {isa = PBXFileReference; fileEncoding = 4; lastKnownFileType = sourcecode.c.h; path = Incoming.h; sourceTree = "<group>"; };
		21D4E2DF1BC2F82800962C6B /* Incoming.m */ = {isa = PBXFileReference; fileEncoding = 4; lastKnownFileType = sourcecode.c.objc; path = Incoming.m; sourceTree = "<group>"; };
		21D4E2E01BC2F82800962C6B /* Outgoing.h */ = {isa = PBXFileReference; fileEncoding = 4; lastKnownFileType = sourcecode.c.h; path = Outgoing.h; sourceTree = "<group>"; };
		21D4E2E11BC2F82800962C6B /* Outgoing.m */ = {isa = PBXFileReference; fileEncoding = 4; lastKnownFileType = sourcecode.c.objc; path = Outgoing.m; sourceTree = "<group>"; };
		21D6C1191BFB9308000BF35E /* CoachPageContentViewController.h */ = {isa = PBXFileReference; fileEncoding = 4; lastKnownFileType = sourcecode.c.h; path = CoachPageContentViewController.h; sourceTree = "<group>"; };
		21D6C11A1BFB9308000BF35E /* CoachPageContentViewController.m */ = {isa = PBXFileReference; fileEncoding = 4; lastKnownFileType = sourcecode.c.objc; path = CoachPageContentViewController.m; sourceTree = "<group>"; };
		21E9012E1BF2C5BF00DDEAFB /* Sean.jpeg */ = {isa = PBXFileReference; lastKnownFileType = image.jpeg; path = Sean.jpeg; sourceTree = "<group>"; };
		21FECF121BC431E800C5FB8B /* PhotoMediaItem.h */ = {isa = PBXFileReference; fileEncoding = 4; lastKnownFileType = sourcecode.c.h; path = PhotoMediaItem.h; sourceTree = "<group>"; };
		21FECF131BC431E800C5FB8B /* PhotoMediaItem.m */ = {isa = PBXFileReference; fileEncoding = 4; lastKnownFileType = sourcecode.c.objc; path = PhotoMediaItem.m; sourceTree = "<group>"; };
		3D59B015D86A658025692A20 /* libPods-Nomful-AppUITests.a */ = {isa = PBXFileReference; explicitFileType = archive.ar; includeInIndex = 0; path = "libPods-Nomful-AppUITests.a"; sourceTree = BUILT_PRODUCTS_DIR; };
		62890AF4F1A893706C1A3067 /* Pods-Nomful-App.release.xcconfig */ = {isa = PBXFileReference; includeInIndex = 1; lastKnownFileType = text.xcconfig; name = "Pods-Nomful-App.release.xcconfig"; path = "Pods/Target Support Files/Pods-Nomful-App/Pods-Nomful-App.release.xcconfig"; sourceTree = "<group>"; };
		74B2B0DB3B1594F0647ECB7A /* Pods-Nomful-AppUITests.debug.xcconfig */ = {isa = PBXFileReference; includeInIndex = 1; lastKnownFileType = text.xcconfig; name = "Pods-Nomful-AppUITests.debug.xcconfig"; path = "Pods/Target Support Files/Pods-Nomful-AppUITests/Pods-Nomful-AppUITests.debug.xcconfig"; sourceTree = "<group>"; };
		83716DA2E1B570912D18C269 /* libPods.a */ = {isa = PBXFileReference; explicitFileType = archive.ar; includeInIndex = 0; path = libPods.a; sourceTree = BUILT_PRODUCTS_DIR; };
		8A71D6DCBA5596388F989469 /* Pods-Nomful-AppUITests.release.xcconfig */ = {isa = PBXFileReference; includeInIndex = 1; lastKnownFileType = text.xcconfig; name = "Pods-Nomful-AppUITests.release.xcconfig"; path = "Pods/Target Support Files/Pods-Nomful-AppUITests/Pods-Nomful-AppUITests.release.xcconfig"; sourceTree = "<group>"; };
		B0C77B8308A6F382C4A349C1 /* Pods-Nomful-AppTests.release.xcconfig */ = {isa = PBXFileReference; includeInIndex = 1; lastKnownFileType = text.xcconfig; name = "Pods-Nomful-AppTests.release.xcconfig"; path = "Pods/Target Support Files/Pods-Nomful-AppTests/Pods-Nomful-AppTests.release.xcconfig"; sourceTree = "<group>"; };
		DE4DE3B1DF31D17CBF9E1A0C /* libPods-Nomful-App.a */ = {isa = PBXFileReference; explicitFileType = archive.ar; includeInIndex = 0; path = "libPods-Nomful-App.a"; sourceTree = BUILT_PRODUCTS_DIR; };
		DF9BA7B1C8F44032E169948A /* libPods-Nomful-AppTests.a */ = {isa = PBXFileReference; explicitFileType = archive.ar; includeInIndex = 0; path = "libPods-Nomful-AppTests.a"; sourceTree = BUILT_PRODUCTS_DIR; };
		E7AFC07723092381382DA4CB /* Pods-Nomful-App.debug.xcconfig */ = {isa = PBXFileReference; includeInIndex = 1; lastKnownFileType = text.xcconfig; name = "Pods-Nomful-App.debug.xcconfig"; path = "Pods/Target Support Files/Pods-Nomful-App/Pods-Nomful-App.debug.xcconfig"; sourceTree = "<group>"; };
/* End PBXFileReference section */

/* Begin PBXFrameworksBuildPhase section */
		21C88A1F1BAC95CF00792E9C /* Frameworks */ = {
			isa = PBXFrameworksBuildPhase;
			buildActionMask = 2147483647;
			files = (
				5EDD67B4A8A9E0D710949A4F /* libPods-Nomful-App.a in Frameworks */,
				21856A861BCAADFA00E217F7 /* Crashlytics.framework in Frameworks */,
				21856A851BCAADFA00E217F7 /* Fabric.framework in Frameworks */,
			);
			runOnlyForDeploymentPostprocessing = 0;
		};
		21C88A3B1BAC95CF00792E9C /* Frameworks */ = {
			isa = PBXFrameworksBuildPhase;
			buildActionMask = 2147483647;
			files = (
				D90A71F8CF68228131732D10 /* libPods-Nomful-AppTests.a in Frameworks */,
			);
			runOnlyForDeploymentPostprocessing = 0;
		};
		21C88A461BAC95CF00792E9C /* Frameworks */ = {
			isa = PBXFrameworksBuildPhase;
			buildActionMask = 2147483647;
			files = (
				AF506B75587A9DEF81A83E92 /* libPods-Nomful-AppUITests.a in Frameworks */,
			);
			runOnlyForDeploymentPostprocessing = 0;
		};
/* End PBXFrameworksBuildPhase section */

/* Begin PBXGroup section */
		210022521BE013A600838A5E /* Coach Bio */ = {
			isa = PBXGroup;
			children = (
				210022531BE013B600838A5E /* CoachBioViewController.h */,
				210022541BE013B600838A5E /* CoachBioViewController.m */,
			);
			name = "Coach Bio";
			sourceTree = "<group>";
		};
		212C7A1F1BDA7FA600BBBA82 /* Past Meals */ = {
			isa = PBXGroup;
			children = (
				2137D8311BAC97AF00310545 /* pastMealsViewController.h */,
				2137D8321BAC97AF00310545 /* pastMealsViewController.m */,
			);
			name = "Past Meals";
			sourceTree = "<group>";
		};
		21333E581BC82FC40011D78C /* Utilities */ = {
			isa = PBXGroup;
			children = (
				21643A4D1BC56D470099E6FB /* ConvertToFirebaseViewController.h */,
				21643A4E1BC56D470099E6FB /* ConvertToFirebaseViewController.m */,
			);
			name = Utilities;
			sourceTree = "<group>";
		};
		21333E591BC82FD90011D78C /* Log Meal */ = {
			isa = PBXGroup;
			children = (
				2137D8191BAC978600310545 /* LogMealSinglePageViewController.h */,
				2137D81A1BAC978600310545 /* LogMealSinglePageViewController.m */,
			);
			name = "Log Meal";
			sourceTree = "<group>";
		};
		21333E5A1BC82FE20011D78C /* Settings */ = {
			isa = PBXGroup;
			children = (
				2137D8491BAC97DB00310545 /* SettingsTableViewController.h */,
				2137D84A1BAC97DB00310545 /* SettingsTableViewController.m */,
			);
			name = Settings;
			sourceTree = "<group>";
		};
		2137D7E31BAC971400310545 /* files */ = {
			isa = PBXGroup;
			children = (
				2137D87E1BAC9B3400310545 /* Reachability.h */,
				2137D87F1BAC9B3400310545 /* Reachability.m */,
				2137D87A1BAC980D00310545 /* WebViewViewController.h */,
				2137D87B1BAC980D00310545 /* WebViewViewController.m */,
				2137D85C1BAC980000310545 /* trainerCell.h */,
				2137D85D1BAC980000310545 /* trainerCell.m */,
				2137D85E1BAC980000310545 /* TrialEndedViewController.h */,
				2137D85F1BAC980000310545 /* TrialEndedViewController.m */,
				2137D8621BAC980000310545 /* TwilioTestViewController.h */,
				2137D8631BAC980000310545 /* TwilioTestViewController.m */,
				2137D8641BAC980000310545 /* UIImage+AlphaAdditions.h */,
				2137D8651BAC980000310545 /* UIImage+AlphaAdditions.m */,
				2137D8661BAC980000310545 /* UIImage+ResizeAdditions.h */,
				2137D8671BAC980000310545 /* UIImage+ResizeAdditions.m */,
				2137D8681BAC980000310545 /* UIImage+RoundedCornerAdditions.h */,
				2137D8691BAC980000310545 /* UIImage+RoundedCornerAdditions.m */,
				2137D86A1BAC980000310545 /* UpdateProfileViewController.h */,
				2137D86B1BAC980000310545 /* UpdateProfileViewController.m */,
				2137D86E1BAC980000310545 /* VerificationCodeViewController.h */,
				2137D86F1BAC980000310545 /* VerificationCodeViewController.m */,
				2137D8591BAC97F000310545 /* stripeViewController.h */,
				2137D85A1BAC97F000310545 /* stripeViewController.m */,
				2137D84F1BAC97E400310545 /* SignUpLandingVideoViewController.h */,
				2137D8501BAC97E400310545 /* SignUpLandingVideoViewController.m */,
				2137D8511BAC97E400310545 /* SignUpViewController.h */,
				2137D8521BAC97E400310545 /* SignUpViewController.m */,
				2137D8531BAC97E400310545 /* SlideAnimatedTransitioning.h */,
				2137D8541BAC97E400310545 /* SlideAnimatedTransitioning.m */,
				2137D8471BAC97DB00310545 /* SelectGoalsViewController.h */,
				2137D8481BAC97DB00310545 /* SelectGoalsViewController.m */,
				2137D8441BAC97D200310545 /* RootViewController.h */,
				2137D8451BAC97D200310545 /* RootViewController.m */,
				2137D83E1BAC97C000310545 /* ProgressViewController.h */,
				2137D83F1BAC97C000310545 /* ProgressViewController.m */,
				2137D8231BAC979700310545 /* MatchCoachViewController.h */,
				2137D8241BAC979700310545 /* MatchCoachViewController.m */,
				2137D8251BAC979700310545 /* MessagesViewController.h */,
				2137D8261BAC979700310545 /* MessagesViewController.m */,
				2137D81D1BAC978F00310545 /* ManageSubscriptionViewController.h */,
				2137D8291BAC97AE00310545 /* pagecontentViewController.h */,
				2137D82A1BAC97AE00310545 /* pagecontentViewController.m */,
				2137D82B1BAC97AE00310545 /* PageItemController.h */,
				2137D82C1BAC97AE00310545 /* PageItemController.m */,
				2137D82F1BAC97AF00310545 /* ParseErrorHandlingController.h */,
				2137D8301BAC97AF00310545 /* ParseErrorHandlingController.m */,
				2137D8331BAC97AF00310545 /* PaymentViewController.h */,
				2137D8341BAC97AF00310545 /* PaymentViewController.m */,
				2137D81E1BAC978F00310545 /* ManageSubscriptionViewController.m */,
				2137D81F1BAC978F00310545 /* MarginLabel.h */,
				2137D8201BAC978F00310545 /* MarginLabel.m */,
				2137D8171BAC978600310545 /* LoginViewController.h */,
				2137D8181BAC978600310545 /* LoginViewController.m */,
				2137D8141BAC977F00310545 /* LauncherViewController.h */,
				2137D8151BAC977F00310545 /* LauncherViewController.m */,
				2137D8111BAC977600310545 /* initialViewController.h */,
				2137D8121BAC977600310545 /* initialViewController.m */,
				2137D80E1BAC976000310545 /* imageDetailViewController.h */,
				2137D80F1BAC976000310545 /* imageDetailViewController.m */,
				2137D8051BAC975900310545 /* fullSizeImageViewController.h */,
				2137D8061BAC975900310545 /* fullSizeImageViewController.m */,
				2137D7ED1BAC974E00310545 /* ChatViewController.h */,
				2137D7EE1BAC974E00310545 /* ChatViewController.m */,
				2137D7F11BAC974E00310545 /* ChooseTrainerTableViewCell.h */,
				2137D7F21BAC974E00310545 /* ChooseTrainerTableViewCell.m */,
				2137D7F31BAC974E00310545 /* ChooseTrainerTableViewController.h */,
				2137D7F41BAC974E00310545 /* ChooseTrainerTableViewController.m */,
				2137D7FB1BAC974E00310545 /* editImageViewController.h */,
				2137D7FC1BAC974E00310545 /* editImageViewController.m */,
				2137D7E71BAC974200310545 /* AvailableClientsTableViewController.h */,
				2137D7E81BAC974200310545 /* AvailableClientsTableViewController.m */,
			);
			name = files;
			sourceTree = "<group>";
		};
		2137D8851BACA03900310545 /* images */ = {
			isa = PBXGroup;
			children = (
				21E9012E1BF2C5BF00DDEAFB /* Sean.jpeg */,
				2137D8861BACA04600310545 /* broWithSmoothie.jpg */,
				2137D8871BACA04600310545 /* fitness-background.png */,
				2137D8881BACA04600310545 /* food-square.png */,
				2137D8891BACA04600310545 /* food.jpg */,
				2137D88A1BACA04600310545 /* fruit.png */,
				2137D88B1BACA04600310545 /* healthy-person-woman-sport.jpg */,
				2137D88C1BACA04600310545 /* iphone_6.png */,
				210022561BE17E2E00838A5E /* Brittany-Icon.png */,
				2137D88D1BACA04600310545 /* iphoneCall.png */,
				2137D88E1BACA04600310545 /* Layer 1.png */,
				2137D88F1BACA04600310545 /* marketingscreen-coach.png */,
				2137D8901BACA04600310545 /* marketingscreen-meal.png */,
				2137D8911BACA04600310545 /* MuseoSansRounded-100.otf */,
				2137D8921BACA04600310545 /* MuseoSansRounded-300.otf */,
				2137D8931BACA04600310545 /* MuseoSansRounded-500.otf */,
				2137D8941BACA04600310545 /* profilePlaceholder.png */,
				2137D8951BACA04600310545 /* smoothie-stomach.jpg */,
				2137D8961BACA04600310545 /* Straberry-in-bowl-login.png */,
				2137D8971BACA04600310545 /* straws.jpg */,
				2137D8981BACA04600310545 /* thomas.JPG */,
				2137D8991BACA04600310545 /* white-button.png */,
			);
			name = images;
			sourceTree = "<group>";
		};
		21643A4C1BC4BA270099E6FB /* Sign Up */ = {
			isa = PBXGroup;
			children = (
				2137D84D1BAC97E400310545 /* SignUpConversationViewController.h */,
				2137D84E1BAC97E400310545 /* SignUpConversationViewController.m */,
				2137D8601BAC980000310545 /* TrialViewController.h */,
				2137D8611BAC980000310545 /* TrialViewController.m */,
				2137D7EF1BAC974E00310545 /* CheckoutViewController.h */,
				2137D7F01BAC974E00310545 /* CheckoutViewController.m */,
				21D6C11C1BFB930D000BF35E /* Coach Bio Cards */,
			);
			name = "Sign Up";
			sourceTree = "<group>";
		};
		21643A501BC591180099E6FB /* Login */ = {
			isa = PBXGroup;
			children = (
				2137D8351BAC97AF00310545 /* phoneLoginViewController.h */,
				2137D8361BAC97AF00310545 /* phoneLoginViewController.m */,
			);
			name = Login;
			sourceTree = "<group>";
		};
		21643A541BC5950C0099E6FB /* Member View */ = {
			isa = PBXGroup;
			children = (
				21C846101BE3C8D800AFFF3C /* Account */,
				210022521BE013A600838A5E /* Coach Bio */,
				212C7A1F1BDA7FA600BBBA82 /* Past Meals */,
				21BA63281BCBFE1E0055117F /* Page Controller */,
				21333E5A1BC82FE20011D78C /* Settings */,
				21333E591BC82FD90011D78C /* Log Meal */,
				21D4E2D91BC2F81400962C6B /* Firebase */,
			);
			name = "Member View";
			sourceTree = "<group>";
		};
		2187BD261BD7DFC50058A7C3 /* Meal Detail */ = {
			isa = PBXGroup;
			children = (
				2187BD271BD7DFE40058A7C3 /* MealDetailCardViewController.h */,
				2187BD281BD7DFE40058A7C3 /* MealDetailCardViewController.m */,
			);
			name = "Meal Detail";
			sourceTree = "<group>";
		};
		2187BD2B1BD7EAE90058A7C3 /* Client Meals */ = {
			isa = PBXGroup;
			children = (
				2137D7F51BAC974E00310545 /* ClientCollectionViewController.h */,
				2137D7F61BAC974E00310545 /* ClientCollectionViewController.m */,
				2137D7F91BAC974E00310545 /* ClientMealsCollectionViewCell.h */,
				2137D7FA1BAC974E00310545 /* ClientMealsCollectionViewCell.m */,
			);
			name = "Client Meals";
			sourceTree = "<group>";
		};
		21BA63281BCBFE1E0055117F /* Page Controller */ = {
			isa = PBXGroup;
			children = (
				2137D82D1BAC97AE00310545 /* PageViewController.h */,
				2137D82E1BAC97AF00310545 /* PageViewController.m */,
			);
			name = "Page Controller";
			sourceTree = "<group>";
		};
		21C846101BE3C8D800AFFF3C /* Account */ = {
			isa = PBXGroup;
			children = (
				2137D7E41BAC973000310545 /* AccountViewController.m */,
				2137D7E61BAC973600310545 /* AccountViewController.h */,
			);
			name = Account;
			sourceTree = "<group>";
		};
		21C88A191BAC95CF00792E9C = {
			isa = PBXGroup;
			children = (
				21856A831BCAADFA00E217F7 /* Fabric.framework */,
				21856A841BCAADFA00E217F7 /* Crashlytics.framework */,
				21C88A241BAC95CF00792E9C /* Nomful-App */,
				21C88A411BAC95CF00792E9C /* Nomful-AppTests */,
				21C88A4C1BAC95CF00792E9C /* Nomful-AppUITests */,
				21C88A231BAC95CF00792E9C /* Products */,
				467AA50CAD973200C0F7409A /* Pods */,
				C9BBC740C3234417E779A178 /* Frameworks */,
			);
			sourceTree = "<group>";
		};
		21C88A231BAC95CF00792E9C /* Products */ = {
			isa = PBXGroup;
			children = (
				21C88A221BAC95CF00792E9C /* Nomful-App.app */,
				21C88A3E1BAC95CF00792E9C /* Nomful-AppTests.xctest */,
				21C88A491BAC95CF00792E9C /* Nomful-AppUITests.xctest */,
			);
			name = Products;
			sourceTree = "<group>";
		};
		21C88A241BAC95CF00792E9C /* Nomful-App */ = {
			isa = PBXGroup;
			children = (
				21C88A281BAC95CF00792E9C /* AppDelegate.h */,
				21C88A291BAC95CF00792E9C /* AppDelegate.m */,
				2137D8821BAC9E8D00310545 /* Main.storyboard */,
				2137D8811BAC9E8D00310545 /* LaunchScreen.xib */,
				21C6FC4F1BAF20EE004599E8 /* Nomful-App.entitlements */,
				2187BD261BD7DFC50058A7C3 /* Meal Detail */,
				21643A541BC5950C0099E6FB /* Member View */,
				21643A501BC591180099E6FB /* Login */,
				21643A4C1BC4BA270099E6FB /* Sign Up */,
				21D4E2E41BC2F93300962C6B /* Coach View */,
				2137D8851BACA03900310545 /* images */,
				2137D7E31BAC971400310545 /* files */,
				21C88A2B1BAC95CF00792E9C /* ViewController.h */,
				21C88A2C1BAC95CF00792E9C /* ViewController.m */,
				21C88A341BAC95CF00792E9C /* Assets.xcassets */,
				21C88A361BAC95CF00792E9C /* LaunchScreen.storyboard */,
				21C88A311BAC95CF00792E9C /* Nomful_App.xcdatamodeld */,
				21C88A251BAC95CF00792E9C /* Supporting Files */,
				21646F7F1BFA2D2E00235D51 /* MandrilTestViewController.h */,
				21646F801BFA2D2E00235D51 /* MandrilTestViewController.m */,
			);
			path = "Nomful-App";
			sourceTree = "<group>";
		};
		21C88A251BAC95CF00792E9C /* Supporting Files */ = {
			isa = PBXGroup;
			children = (
				21C88A391BAC95CF00792E9C /* Info.plist */,
				21C88A261BAC95CF00792E9C /* main.m */,
				2137D87D1BAC986C00310545 /* PrefixHeader.pch */,
			);
			name = "Supporting Files";
			sourceTree = "<group>";
		};
		21C88A411BAC95CF00792E9C /* Nomful-AppTests */ = {
			isa = PBXGroup;
			children = (
				21C88A421BAC95CF00792E9C /* Nomful_AppTests.m */,
				21C88A441BAC95CF00792E9C /* Info.plist */,
			);
			path = "Nomful-AppTests";
			sourceTree = "<group>";
		};
		21C88A4C1BAC95CF00792E9C /* Nomful-AppUITests */ = {
			isa = PBXGroup;
			children = (
				21C88A4D1BAC95CF00792E9C /* Nomful_AppUITests.m */,
				21C88A4F1BAC95CF00792E9C /* Info.plist */,
			);
			path = "Nomful-AppUITests";
			sourceTree = "<group>";
		};
		21D4E2D91BC2F81400962C6B /* Firebase */ = {
			isa = PBXGroup;
			children = (
				21D4E2DA1BC2F81D00962C6B /* Chatview.h */,
				21D4E2DB1BC2F81D00962C6B /* Chatview.m */,
				21333E581BC82FC40011D78C /* Utilities */,
				21FECF111BC431DD00C5FB8B /* MediaItems */,
				21D4E2DD1BC2F82000962C6B /* Messages */,
			);
			name = Firebase;
			sourceTree = "<group>";
		};
		21D4E2DD1BC2F82000962C6B /* Messages */ = {
			isa = PBXGroup;
			children = (
				21D4E2DE1BC2F82800962C6B /* Incoming.h */,
				21D4E2DF1BC2F82800962C6B /* Incoming.m */,
				21D4E2E01BC2F82800962C6B /* Outgoing.h */,
				21D4E2E11BC2F82800962C6B /* Outgoing.m */,
			);
			name = Messages;
			sourceTree = "<group>";
		};
		21D4E2E41BC2F93300962C6B /* Coach View */ = {
			isa = PBXGroup;
			children = (
				2137D86C1BAC980000310545 /* UserAccountViewController.h */,
				2137D86D1BAC980000310545 /* UserAccountViewController.m */,
				2187BD2B1BD7EAE90058A7C3 /* Client Meals */,
				2137D7F71BAC974E00310545 /* ClientListViewController.h */,
				2137D7F81BAC974E00310545 /* ClientListViewController.m */,
				2137D7E91BAC974200310545 /* AvailableClientTableViewCell.h */,
				2137D7EA1BAC974200310545 /* AvailableClientTableViewCell.m */,
			);
			name = "Coach View";
			sourceTree = "<group>";
		};
		21D6C11C1BFB930D000BF35E /* Coach Bio Cards */ = {
			isa = PBXGroup;
			children = (
				21D6C1191BFB9308000BF35E /* CoachPageContentViewController.h */,
				21D6C11A1BFB9308000BF35E /* CoachPageContentViewController.m */,
				215654B91BFCFBB100FD917D /* CoachCardParentViewController.h */,
				215654BA1BFCFBB100FD917D /* CoachCardParentViewController.m */,
			);
			name = "Coach Bio Cards";
			sourceTree = "<group>";
		};
		21FECF111BC431DD00C5FB8B /* MediaItems */ = {
			isa = PBXGroup;
			children = (
				21FECF121BC431E800C5FB8B /* PhotoMediaItem.h */,
				21FECF131BC431E800C5FB8B /* PhotoMediaItem.m */,
			);
			name = MediaItems;
			sourceTree = "<group>";
		};
		467AA50CAD973200C0F7409A /* Pods */ = {
			isa = PBXGroup;
			children = (
				E7AFC07723092381382DA4CB /* Pods-Nomful-App.debug.xcconfig */,
				62890AF4F1A893706C1A3067 /* Pods-Nomful-App.release.xcconfig */,
				1C78BC0883C254837912E4D0 /* Pods-Nomful-AppTests.debug.xcconfig */,
				B0C77B8308A6F382C4A349C1 /* Pods-Nomful-AppTests.release.xcconfig */,
				74B2B0DB3B1594F0647ECB7A /* Pods-Nomful-AppUITests.debug.xcconfig */,
				8A71D6DCBA5596388F989469 /* Pods-Nomful-AppUITests.release.xcconfig */,
			);
			name = Pods;
			sourceTree = "<group>";
		};
		C9BBC740C3234417E779A178 /* Frameworks */ = {
			isa = PBXGroup;
			children = (
				DE4DE3B1DF31D17CBF9E1A0C /* libPods-Nomful-App.a */,
				83716DA2E1B570912D18C269 /* libPods.a */,
				DF9BA7B1C8F44032E169948A /* libPods-Nomful-AppTests.a */,
				3D59B015D86A658025692A20 /* libPods-Nomful-AppUITests.a */,
			);
			name = Frameworks;
			sourceTree = "<group>";
		};
/* End PBXGroup section */

/* Begin PBXNativeTarget section */
		21C88A211BAC95CF00792E9C /* Nomful-App */ = {
			isa = PBXNativeTarget;
			buildConfigurationList = 21C88A521BAC95CF00792E9C /* Build configuration list for PBXNativeTarget "Nomful-App" */;
			buildPhases = (
				D05AEBC21057EFF5C6B3ED80 /* Check Pods Manifest.lock */,
				21C88A1E1BAC95CF00792E9C /* Sources */,
				21C88A1F1BAC95CF00792E9C /* Frameworks */,
				21643A561BC6FF950099E6FB /* ShellScript */,
				21643A551BC6FF6B0099E6FB /* ShellScript */,
				21C88A201BAC95CF00792E9C /* Resources */,
				21856A821BCAADB900E217F7 /* ShellScript */,
				2113B7E41BCAC48E007F7B84 /* Copy Pod Resources */,
				8F8284C38D146420AA2CE749 /* Embed Pods Frameworks */,
			);
			buildRules = (
			);
			dependencies = (
			);
			name = "Nomful-App";
			productName = "Nomful-App";
			productReference = 21C88A221BAC95CF00792E9C /* Nomful-App.app */;
			productType = "com.apple.product-type.application";
		};
		21C88A3D1BAC95CF00792E9C /* Nomful-AppTests */ = {
			isa = PBXNativeTarget;
			buildConfigurationList = 21C88A551BAC95CF00792E9C /* Build configuration list for PBXNativeTarget "Nomful-AppTests" */;
			buildPhases = (
				B0848173466ECC7BCC80A6D3 /* Check Pods Manifest.lock */,
				21C88A3A1BAC95CF00792E9C /* Sources */,
				21C88A3B1BAC95CF00792E9C /* Frameworks */,
				21C88A3C1BAC95CF00792E9C /* Resources */,
				140889D3DD018E2E734C4141 /* Copy Pods Resources */,
			);
			buildRules = (
			);
			dependencies = (
				21C88A401BAC95CF00792E9C /* PBXTargetDependency */,
			);
			name = "Nomful-AppTests";
			productName = "Nomful-AppTests";
			productReference = 21C88A3E1BAC95CF00792E9C /* Nomful-AppTests.xctest */;
			productType = "com.apple.product-type.bundle.unit-test";
		};
		21C88A481BAC95CF00792E9C /* Nomful-AppUITests */ = {
			isa = PBXNativeTarget;
			buildConfigurationList = 21C88A581BAC95CF00792E9C /* Build configuration list for PBXNativeTarget "Nomful-AppUITests" */;
			buildPhases = (
				6943AF0C32484BA49316199F /* Check Pods Manifest.lock */,
				21C88A451BAC95CF00792E9C /* Sources */,
				21C88A461BAC95CF00792E9C /* Frameworks */,
				21C88A471BAC95CF00792E9C /* Resources */,
				FC4BEF3F7FE7A3BDA485B675 /* Copy Pods Resources */,
			);
			buildRules = (
			);
			dependencies = (
				21C88A4B1BAC95CF00792E9C /* PBXTargetDependency */,
			);
			name = "Nomful-AppUITests";
			productName = "Nomful-AppUITests";
			productReference = 21C88A491BAC95CF00792E9C /* Nomful-AppUITests.xctest */;
			productType = "com.apple.product-type.bundle.ui-testing";
		};
/* End PBXNativeTarget section */

/* Begin PBXProject section */
		21C88A1A1BAC95CF00792E9C /* Project object */ = {
			isa = PBXProject;
			attributes = {
				LastUpgradeCheck = 0700;
				ORGANIZATIONNAME = "Nomful, inc";
				TargetAttributes = {
					21C88A211BAC95CF00792E9C = {
						CreatedOnToolsVersion = 7.0;
						DevelopmentTeam = 7N7P237XEB;
						SystemCapabilities = {
							com.apple.OMC = {
								enabled = 1;
							};
							com.apple.Push = {
								enabled = 1;
							};
						};
					};
					21C88A3D1BAC95CF00792E9C = {
						CreatedOnToolsVersion = 7.0;
						TestTargetID = 21C88A211BAC95CF00792E9C;
					};
					21C88A481BAC95CF00792E9C = {
						CreatedOnToolsVersion = 7.0;
						TestTargetID = 21C88A211BAC95CF00792E9C;
					};
				};
			};
			buildConfigurationList = 21C88A1D1BAC95CF00792E9C /* Build configuration list for PBXProject "Nomful-App" */;
			compatibilityVersion = "Xcode 3.2";
			developmentRegion = English;
			hasScannedForEncodings = 0;
			knownRegions = (
				en,
				Base,
			);
			mainGroup = 21C88A191BAC95CF00792E9C;
			productRefGroup = 21C88A231BAC95CF00792E9C /* Products */;
			projectDirPath = "";
			projectRoot = "";
			targets = (
				21C88A211BAC95CF00792E9C /* Nomful-App */,
				21C88A3D1BAC95CF00792E9C /* Nomful-AppTests */,
				21C88A481BAC95CF00792E9C /* Nomful-AppUITests */,
			);
		};
/* End PBXProject section */

/* Begin PBXResourcesBuildPhase section */
		21C88A201BAC95CF00792E9C /* Resources */ = {
			isa = PBXResourcesBuildPhase;
			buildActionMask = 2147483647;
			files = (
				2137D8831BAC9E8D00310545 /* LaunchScreen.xib in Resources */,
				210022571BE17E2E00838A5E /* Brittany-Icon.png in Resources */,
				2137D8841BAC9E8D00310545 /* Main.storyboard in Resources */,
				2137D8A01BACA04600310545 /* iphone_6.png in Resources */,
				21E9012F1BF2C5BF00DDEAFB /* Sean.jpeg in Resources */,
				2137D8A61BACA04600310545 /* MuseoSansRounded-300.otf in Resources */,
				2137D89C1BACA04600310545 /* food-square.png in Resources */,
				2137D8AD1BACA04600310545 /* white-button.png in Resources */,
				2137D8AB1BACA04600310545 /* straws.jpg in Resources */,
				21C88A381BAC95CF00792E9C /* LaunchScreen.storyboard in Resources */,
				2137D8A31BACA04600310545 /* marketingscreen-coach.png in Resources */,
				2137D8A21BACA04600310545 /* Layer 1.png in Resources */,
				2137D8AA1BACA04600310545 /* Straberry-in-bowl-login.png in Resources */,
				2137D8AC1BACA04600310545 /* thomas.JPG in Resources */,
				2137D89F1BACA04600310545 /* healthy-person-woman-sport.jpg in Resources */,
				2137D89A1BACA04600310545 /* broWithSmoothie.jpg in Resources */,
				2137D89E1BACA04600310545 /* fruit.png in Resources */,
				2137D8A91BACA04600310545 /* smoothie-stomach.jpg in Resources */,
				2137D8A11BACA04600310545 /* iphoneCall.png in Resources */,
				2137D8A71BACA04600310545 /* MuseoSansRounded-500.otf in Resources */,
				2137D8A41BACA04600310545 /* marketingscreen-meal.png in Resources */,
				2137D8A51BACA04600310545 /* MuseoSansRounded-100.otf in Resources */,
				2137D89B1BACA04600310545 /* fitness-background.png in Resources */,
				2137D8A81BACA04600310545 /* profilePlaceholder.png in Resources */,
				21C88A351BAC95CF00792E9C /* Assets.xcassets in Resources */,
				2137D89D1BACA04600310545 /* food.jpg in Resources */,
			);
			runOnlyForDeploymentPostprocessing = 0;
		};
		21C88A3C1BAC95CF00792E9C /* Resources */ = {
			isa = PBXResourcesBuildPhase;
			buildActionMask = 2147483647;
			files = (
			);
			runOnlyForDeploymentPostprocessing = 0;
		};
		21C88A471BAC95CF00792E9C /* Resources */ = {
			isa = PBXResourcesBuildPhase;
			buildActionMask = 2147483647;
			files = (
			);
			runOnlyForDeploymentPostprocessing = 0;
		};
/* End PBXResourcesBuildPhase section */

/* Begin PBXShellScriptBuildPhase section */
		140889D3DD018E2E734C4141 /* Copy Pods Resources */ = {
			isa = PBXShellScriptBuildPhase;
			buildActionMask = 2147483647;
			files = (
			);
			inputPaths = (
			);
			name = "Copy Pods Resources";
			outputPaths = (
			);
			runOnlyForDeploymentPostprocessing = 0;
			shellPath = /bin/sh;
			shellScript = "\"${SRCROOT}/Pods/Target Support Files/Pods-Nomful-AppTests/Pods-Nomful-AppTests-resources.sh\"\n";
			showEnvVarsInLog = 0;
		};
		2113B7E41BCAC48E007F7B84 /* Copy Pod Resources */ = {
			isa = PBXShellScriptBuildPhase;
			buildActionMask = 2147483647;
			files = (
			);
			inputPaths = (
			);
			name = "Copy Pod Resources";
			outputPaths = (
			);
			runOnlyForDeploymentPostprocessing = 0;
			shellPath = /bin/sh;
			shellScript = "\"${SRCROOT}/Pods/Target Support Files/Pods-Nomful-App/Pods-Nomful-App-resources.sh\"";
			showEnvVarsInLog = 0;
		};
		21643A551BC6FF6B0099E6FB /* ShellScript */ = {
			isa = PBXShellScriptBuildPhase;
			buildActionMask = 2147483647;
			files = (
			);
			inputPaths = (
			);
			outputPaths = (
			);
			runOnlyForDeploymentPostprocessing = 0;
			shellPath = /bin/sh;
			shellScript = "buildNumber=$(/usr/libexec/PlistBuddy -c \"Print CFBundleVersion\" \"${PROJECT_DIR}/${INFOPLIST_FILE}\")\nbuildNumber=$(($buildNumber + 1))\n/usr/libexec/PlistBuddy -c \"Set :CFBundleVersion $buildNumber\" \"${PROJECT_DIR}/${INFOPLIST_FILE}\"";
		};
		21643A561BC6FF950099E6FB /* ShellScript */ = {
			isa = PBXShellScriptBuildPhase;
			buildActionMask = 8;
			files = (
			);
			inputPaths = (
			);
			outputPaths = (
			);
			runOnlyForDeploymentPostprocessing = 1;
			shellPath = /bin/sh;
			shellScript = "VERSIONNUM=$(/usr/libexec/PlistBuddy -c \"Print CFBundleShortVersionString\" \"${PROJECT_DIR}/${INFOPLIST_FILE}\")\nNEWSUBVERSION=`echo $VERSIONNUM | awk -F \".\" '{print $3}'`\nNEWSUBVERSION=$(($NEWSUBVERSION + 1))\nNEWVERSIONSTRING=`echo $VERSIONNUM | awk -F \".\" '{print $1 \".\" $2 \".'$NEWSUBVERSION'\" }'`\n/usr/libexec/PlistBuddy -c \"Set :CFBundleShortVersionString $NEWVERSIONSTRING\" \"${PROJECT_DIR}/${INFOPLIST_FILE}\"";
		};
		21856A821BCAADB900E217F7 /* ShellScript */ = {
			isa = PBXShellScriptBuildPhase;
			buildActionMask = 2147483647;
			files = (
			);
			inputPaths = (
			);
			outputPaths = (
			);
			runOnlyForDeploymentPostprocessing = 0;
			shellPath = /bin/sh;
			shellScript = "./Fabric.framework/run 83a7125a6c075b32a8fa954babcc1e423ca1ee2e 4552e5ab4b49ed3ef35fc820d03a083f969932eb16b7bfaf676b42965dd0e37e\n";
		};
		6943AF0C32484BA49316199F /* Check Pods Manifest.lock */ = {
			isa = PBXShellScriptBuildPhase;
			buildActionMask = 2147483647;
			files = (
			);
			inputPaths = (
			);
			name = "Check Pods Manifest.lock";
			outputPaths = (
			);
			runOnlyForDeploymentPostprocessing = 0;
			shellPath = /bin/sh;
			shellScript = "diff \"${PODS_ROOT}/../Podfile.lock\" \"${PODS_ROOT}/Manifest.lock\" > /dev/null\nif [[ $? != 0 ]] ; then\n    cat << EOM\nerror: The sandbox is not in sync with the Podfile.lock. Run 'pod install' or update your CocoaPods installation.\nEOM\n    exit 1\nfi\n";
			showEnvVarsInLog = 0;
		};
		8F8284C38D146420AA2CE749 /* Embed Pods Frameworks */ = {
			isa = PBXShellScriptBuildPhase;
			buildActionMask = 2147483647;
			files = (
			);
			inputPaths = (
			);
			name = "Embed Pods Frameworks";
			outputPaths = (
			);
			runOnlyForDeploymentPostprocessing = 0;
			shellPath = /bin/sh;
			shellScript = "\"${SRCROOT}/Pods/Target Support Files/Pods-Nomful-App/Pods-Nomful-App-frameworks.sh\"\n";
			showEnvVarsInLog = 0;
		};
		B0848173466ECC7BCC80A6D3 /* Check Pods Manifest.lock */ = {
			isa = PBXShellScriptBuildPhase;
			buildActionMask = 2147483647;
			files = (
			);
			inputPaths = (
			);
			name = "Check Pods Manifest.lock";
			outputPaths = (
			);
			runOnlyForDeploymentPostprocessing = 0;
			shellPath = /bin/sh;
			shellScript = "diff \"${PODS_ROOT}/../Podfile.lock\" \"${PODS_ROOT}/Manifest.lock\" > /dev/null\nif [[ $? != 0 ]] ; then\n    cat << EOM\nerror: The sandbox is not in sync with the Podfile.lock. Run 'pod install' or update your CocoaPods installation.\nEOM\n    exit 1\nfi\n";
			showEnvVarsInLog = 0;
		};
		D05AEBC21057EFF5C6B3ED80 /* Check Pods Manifest.lock */ = {
			isa = PBXShellScriptBuildPhase;
			buildActionMask = 2147483647;
			files = (
			);
			inputPaths = (
			);
			name = "Check Pods Manifest.lock";
			outputPaths = (
			);
			runOnlyForDeploymentPostprocessing = 0;
			shellPath = /bin/sh;
			shellScript = "diff \"${PODS_ROOT}/../Podfile.lock\" \"${PODS_ROOT}/Manifest.lock\" > /dev/null\nif [[ $? != 0 ]] ; then\n    cat << EOM\nerror: The sandbox is not in sync with the Podfile.lock. Run 'pod install' or update your CocoaPods installation.\nEOM\n    exit 1\nfi\n";
			showEnvVarsInLog = 0;
		};
		FC4BEF3F7FE7A3BDA485B675 /* Copy Pods Resources */ = {
			isa = PBXShellScriptBuildPhase;
			buildActionMask = 2147483647;
			files = (
			);
			inputPaths = (
			);
			name = "Copy Pods Resources";
			outputPaths = (
			);
			runOnlyForDeploymentPostprocessing = 0;
			shellPath = /bin/sh;
			shellScript = "\"${SRCROOT}/Pods/Target Support Files/Pods-Nomful-AppUITests/Pods-Nomful-AppUITests-resources.sh\"\n";
			showEnvVarsInLog = 0;
		};
/* End PBXShellScriptBuildPhase section */

/* Begin PBXSourcesBuildPhase section */
		21C88A1E1BAC95CF00792E9C /* Sources */ = {
			isa = PBXSourcesBuildPhase;
			buildActionMask = 2147483647;
			files = (
				2137D7FF1BAC974E00310545 /* ChooseTrainerTableViewCell.m in Sources */,
				2137D8781BAC980000310545 /* UserAccountViewController.m in Sources */,
				2137D87C1BAC980D00310545 /* WebViewViewController.m in Sources */,
				21D4E2E21BC2F82800962C6B /* Incoming.m in Sources */,
				2187BD291BD7DFE40058A7C3 /* MealDetailCardViewController.m in Sources */,
				21C88A331BAC95CF00792E9C /* Nomful_App.xcdatamodeld in Sources */,
				21D6C11B1BFB9308000BF35E /* CoachPageContentViewController.m in Sources */,
				2137D8031BAC974E00310545 /* ClientMealsCollectionViewCell.m in Sources */,
				2137D83C1BAC97AF00310545 /* PaymentViewController.m in Sources */,
				2137D8011BAC974E00310545 /* ClientCollectionViewController.m in Sources */,
				21FECF141BC431E800C5FB8B /* PhotoMediaItem.m in Sources */,
				2137D8421BAC97C000310545 /* ProgressViewController.m in Sources */,
				21D4E2E31BC2F82800962C6B /* Outgoing.m in Sources */,
				2137D83D1BAC97AF00310545 /* phoneLoginViewController.m in Sources */,
				2137D84B1BAC97DB00310545 /* SelectGoalsViewController.m in Sources */,
				2137D8801BAC9B3400310545 /* Reachability.m in Sources */,
				2137D8551BAC97E400310545 /* SignUpConversationViewController.m in Sources */,
				21C88A2D1BAC95CF00792E9C /* ViewController.m in Sources */,
				2137D7FE1BAC974E00310545 /* CheckoutViewController.m in Sources */,
				2137D8131BAC977600310545 /* initialViewController.m in Sources */,
				2137D83A1BAC97AF00310545 /* ParseErrorHandlingController.m in Sources */,
				2137D8701BAC980000310545 /* trainerCell.m in Sources */,
				2137D8001BAC974E00310545 /* ChooseTrainerTableViewController.m in Sources */,
				2137D7EB1BAC974200310545 /* AvailableClientsTableViewController.m in Sources */,
				2137D8221BAC978F00310545 /* MarginLabel.m in Sources */,
				2137D8211BAC978F00310545 /* ManageSubscriptionViewController.m in Sources */,
				2137D80B1BAC975900310545 /* fullSizeImageViewController.m in Sources */,
				2137D85B1BAC97F000310545 /* stripeViewController.m in Sources */,
				2137D8021BAC974E00310545 /* ClientListViewController.m in Sources */,
				2137D81C1BAC978600310545 /* LogMealSinglePageViewController.m in Sources */,
				2137D84C1BAC97DB00310545 /* SettingsTableViewController.m in Sources */,
				2137D8381BAC97AF00310545 /* PageItemController.m in Sources */,
				21643A4F1BC56D470099E6FB /* ConvertToFirebaseViewController.m in Sources */,
				2137D8041BAC974E00310545 /* editImageViewController.m in Sources */,
				2137D8571BAC97E400310545 /* SignUpViewController.m in Sources */,
				2137D8271BAC979700310545 /* MatchCoachViewController.m in Sources */,
				2137D8721BAC980000310545 /* TrialViewController.m in Sources */,
				21C88A2A1BAC95CF00792E9C /* AppDelegate.m in Sources */,
				21C88A271BAC95CF00792E9C /* main.m in Sources */,
				2137D8751BAC980000310545 /* UIImage+ResizeAdditions.m in Sources */,
				2137D8281BAC979700310545 /* MessagesViewController.m in Sources */,
				2137D8791BAC980000310545 /* VerificationCodeViewController.m in Sources */,
				2137D7E51BAC973000310545 /* AccountViewController.m in Sources */,
				215654BB1BFCFBB100FD917D /* CoachCardParentViewController.m in Sources */,
				2137D8461BAC97D200310545 /* RootViewController.m in Sources */,
				2137D8741BAC980000310545 /* UIImage+AlphaAdditions.m in Sources */,
				2137D8391BAC97AF00310545 /* PageViewController.m in Sources */,
				2137D8761BAC980000310545 /* UIImage+RoundedCornerAdditions.m in Sources */,
				2137D8101BAC976000310545 /* imageDetailViewController.m in Sources */,
				2137D8561BAC97E400310545 /* SignUpLandingVideoViewController.m in Sources */,
				2137D8711BAC980000310545 /* TrialEndedViewController.m in Sources */,
				210022551BE013B600838A5E /* CoachBioViewController.m in Sources */,
				21D4E2DC1BC2F81D00962C6B /* Chatview.m in Sources */,
				2137D8771BAC980000310545 /* UpdateProfileViewController.m in Sources */,
				2137D8161BAC977F00310545 /* LauncherViewController.m in Sources */,
				2137D7FD1BAC974E00310545 /* ChatViewController.m in Sources */,
				2137D8371BAC97AF00310545 /* pagecontentViewController.m in Sources */,
				2137D83B1BAC97AF00310545 /* pastMealsViewController.m in Sources */,
				2137D8731BAC980000310545 /* TwilioTestViewController.m in Sources */,
				2137D8581BAC97E400310545 /* SlideAnimatedTransitioning.m in Sources */,
				21646F811BFA2D2E00235D51 /* MandrilTestViewController.m in Sources */,
				2137D81B1BAC978600310545 /* LoginViewController.m in Sources */,
				2137D7EC1BAC974200310545 /* AvailableClientTableViewCell.m in Sources */,
			);
			runOnlyForDeploymentPostprocessing = 0;
		};
		21C88A3A1BAC95CF00792E9C /* Sources */ = {
			isa = PBXSourcesBuildPhase;
			buildActionMask = 2147483647;
			files = (
				21C88A431BAC95CF00792E9C /* Nomful_AppTests.m in Sources */,
			);
			runOnlyForDeploymentPostprocessing = 0;
		};
		21C88A451BAC95CF00792E9C /* Sources */ = {
			isa = PBXSourcesBuildPhase;
			buildActionMask = 2147483647;
			files = (
				21C88A4E1BAC95CF00792E9C /* Nomful_AppUITests.m in Sources */,
			);
			runOnlyForDeploymentPostprocessing = 0;
		};
/* End PBXSourcesBuildPhase section */

/* Begin PBXTargetDependency section */
		21C88A401BAC95CF00792E9C /* PBXTargetDependency */ = {
			isa = PBXTargetDependency;
			target = 21C88A211BAC95CF00792E9C /* Nomful-App */;
			targetProxy = 21C88A3F1BAC95CF00792E9C /* PBXContainerItemProxy */;
		};
		21C88A4B1BAC95CF00792E9C /* PBXTargetDependency */ = {
			isa = PBXTargetDependency;
			target = 21C88A211BAC95CF00792E9C /* Nomful-App */;
			targetProxy = 21C88A4A1BAC95CF00792E9C /* PBXContainerItemProxy */;
		};
/* End PBXTargetDependency section */

/* Begin PBXVariantGroup section */
		21C88A361BAC95CF00792E9C /* LaunchScreen.storyboard */ = {
			isa = PBXVariantGroup;
			children = (
				21C88A371BAC95CF00792E9C /* Base */,
			);
			name = LaunchScreen.storyboard;
			sourceTree = "<group>";
		};
/* End PBXVariantGroup section */

/* Begin XCBuildConfiguration section */
		21C88A501BAC95CF00792E9C /* Debug */ = {
			isa = XCBuildConfiguration;
			buildSettings = {
				ALWAYS_SEARCH_USER_PATHS = NO;
				CLANG_CXX_LANGUAGE_STANDARD = "gnu++0x";
				CLANG_CXX_LIBRARY = "libc++";
				CLANG_ENABLE_MODULES = YES;
				CLANG_ENABLE_OBJC_ARC = YES;
				CLANG_WARN_BOOL_CONVERSION = YES;
				CLANG_WARN_CONSTANT_CONVERSION = YES;
				CLANG_WARN_DIRECT_OBJC_ISA_USAGE = YES_ERROR;
				CLANG_WARN_EMPTY_BODY = YES;
				CLANG_WARN_ENUM_CONVERSION = YES;
				CLANG_WARN_INT_CONVERSION = YES;
				CLANG_WARN_OBJC_ROOT_CLASS = YES_ERROR;
				CLANG_WARN_UNREACHABLE_CODE = YES;
				CLANG_WARN__DUPLICATE_METHOD_MATCH = YES;
				CODE_SIGN_IDENTITY = "";
				"CODE_SIGN_IDENTITY[sdk=iphoneos*]" = "";
				COPY_PHASE_STRIP = NO;
				DEBUG_INFORMATION_FORMAT = dwarf;
				ENABLE_STRICT_OBJC_MSGSEND = YES;
				ENABLE_TESTABILITY = YES;
				GCC_C_LANGUAGE_STANDARD = gnu99;
				GCC_DYNAMIC_NO_PIC = NO;
				GCC_NO_COMMON_BLOCKS = YES;
				GCC_OPTIMIZATION_LEVEL = 0;
				GCC_PREPROCESSOR_DEFINITIONS = (
					"DEBUG=1",
					"$(inherited)",
				);
				GCC_WARN_64_TO_32_BIT_CONVERSION = YES;
				GCC_WARN_ABOUT_RETURN_TYPE = YES_ERROR;
				GCC_WARN_UNDECLARED_SELECTOR = YES;
				GCC_WARN_UNINITIALIZED_AUTOS = YES_AGGRESSIVE;
				GCC_WARN_UNUSED_FUNCTION = YES;
				GCC_WARN_UNUSED_VARIABLE = YES;
				IPHONEOS_DEPLOYMENT_TARGET = 9.0;
				MTL_ENABLE_DEBUG_INFO = YES;
				ONLY_ACTIVE_ARCH = YES;
				PROVISIONING_PROFILE = "6c2c2ad3-225b-4a6b-9ee5-f62dc76cd8e1";
				SDKROOT = iphoneos;
				TARGETED_DEVICE_FAMILY = "1,2";
			};
			name = Debug;
		};
		21C88A511BAC95CF00792E9C /* Release */ = {
			isa = XCBuildConfiguration;
			buildSettings = {
				ALWAYS_SEARCH_USER_PATHS = NO;
				CLANG_CXX_LANGUAGE_STANDARD = "gnu++0x";
				CLANG_CXX_LIBRARY = "libc++";
				CLANG_ENABLE_MODULES = YES;
				CLANG_ENABLE_OBJC_ARC = YES;
				CLANG_WARN_BOOL_CONVERSION = YES;
				CLANG_WARN_CONSTANT_CONVERSION = YES;
				CLANG_WARN_DIRECT_OBJC_ISA_USAGE = YES_ERROR;
				CLANG_WARN_EMPTY_BODY = YES;
				CLANG_WARN_ENUM_CONVERSION = YES;
				CLANG_WARN_INT_CONVERSION = YES;
				CLANG_WARN_OBJC_ROOT_CLASS = YES_ERROR;
				CLANG_WARN_UNREACHABLE_CODE = YES;
				CLANG_WARN__DUPLICATE_METHOD_MATCH = YES;
				CODE_SIGN_IDENTITY = "";
				"CODE_SIGN_IDENTITY[sdk=iphoneos*]" = "";
				COPY_PHASE_STRIP = NO;
				DEBUG_INFORMATION_FORMAT = "dwarf-with-dsym";
				ENABLE_NS_ASSERTIONS = NO;
				ENABLE_STRICT_OBJC_MSGSEND = YES;
				GCC_C_LANGUAGE_STANDARD = gnu99;
				GCC_NO_COMMON_BLOCKS = YES;
				GCC_WARN_64_TO_32_BIT_CONVERSION = YES;
				GCC_WARN_ABOUT_RETURN_TYPE = YES_ERROR;
				GCC_WARN_UNDECLARED_SELECTOR = YES;
				GCC_WARN_UNINITIALIZED_AUTOS = YES_AGGRESSIVE;
				GCC_WARN_UNUSED_FUNCTION = YES;
				GCC_WARN_UNUSED_VARIABLE = YES;
				IPHONEOS_DEPLOYMENT_TARGET = 9.0;
				MTL_ENABLE_DEBUG_INFO = NO;
				PROVISIONING_PROFILE = "6c2c2ad3-225b-4a6b-9ee5-f62dc76cd8e1";
				SDKROOT = iphoneos;
				TARGETED_DEVICE_FAMILY = "1,2";
				VALIDATE_PRODUCT = YES;
			};
			name = Release;
		};
		21C88A531BAC95CF00792E9C /* Debug */ = {
			isa = XCBuildConfiguration;
			baseConfigurationReference = E7AFC07723092381382DA4CB /* Pods-Nomful-App.debug.xcconfig */;
			buildSettings = {
				ASSETCATALOG_COMPILER_APPICON_NAME = AppIcon;
				ASSETCATALOG_COMPILER_LAUNCHIMAGE_NAME = LaunchImage;
				CODE_SIGN_ENTITLEMENTS = "Nomful-App/Nomful-App.entitlements";
				CODE_SIGN_IDENTITY = "iPhone Distribution: Real Dietitian Corporation (7N7P237XEB)";
				"CODE_SIGN_IDENTITY[sdk=iphoneos*]" = "iPhone Distribution: Real Dietitian Corporation (7N7P237XEB)";
				ENABLE_BITCODE = NO;
				FRAMEWORK_SEARCH_PATHS = (
					"$(inherited)",
					"$(PROJECT_DIR)",
				);
				GCC_PREFIX_HEADER = "Nomful-App/PrefixHeader.pch";
				INFOPLIST_FILE = "Nomful-App/Info.plist";
				IPHONEOS_DEPLOYMENT_TARGET = 8.4;
				LD_RUNPATH_SEARCH_PATHS = "$(inherited) @executable_path/Frameworks";
				PRODUCT_BUNDLE_IDENTIFIER = com.Nomful;
				PRODUCT_NAME = "$(TARGET_NAME)";
				PROVISIONING_PROFILE = "6c2c2ad3-225b-4a6b-9ee5-f62dc76cd8e1";
			};
			name = Debug;
		};
		21C88A541BAC95CF00792E9C /* Release */ = {
			isa = XCBuildConfiguration;
			baseConfigurationReference = 62890AF4F1A893706C1A3067 /* Pods-Nomful-App.release.xcconfig */;
			buildSettings = {
				ASSETCATALOG_COMPILER_APPICON_NAME = AppIcon;
				ASSETCATALOG_COMPILER_LAUNCHIMAGE_NAME = LaunchImage;
				CODE_SIGN_ENTITLEMENTS = "Nomful-App/Nomful-App.entitlements";
				CODE_SIGN_IDENTITY = "iPhone Distribution: Real Dietitian Corporation (7N7P237XEB)";
				"CODE_SIGN_IDENTITY[sdk=iphoneos*]" = "iPhone Distribution: Real Dietitian Corporation (7N7P237XEB)";
				ENABLE_BITCODE = NO;
				FRAMEWORK_SEARCH_PATHS = (
					"$(inherited)",
					"$(PROJECT_DIR)",
				);
				GCC_PREFIX_HEADER = "Nomful-App/PrefixHeader.pch";
				INFOPLIST_FILE = "Nomful-App/Info.plist";
				IPHONEOS_DEPLOYMENT_TARGET = 8.4;
				LD_RUNPATH_SEARCH_PATHS = "$(inherited) @executable_path/Frameworks";
				PRODUCT_BUNDLE_IDENTIFIER = com.Nomful;
				PRODUCT_NAME = "$(TARGET_NAME)";
				PROVISIONING_PROFILE = "6c2c2ad3-225b-4a6b-9ee5-f62dc76cd8e1";
			};
			name = Release;
		};
		21C88A561BAC95CF00792E9C /* Debug */ = {
			isa = XCBuildConfiguration;
			baseConfigurationReference = 1C78BC0883C254837912E4D0 /* Pods-Nomful-AppTests.debug.xcconfig */;
			buildSettings = {
				BUNDLE_LOADER = "$(TEST_HOST)";
				INFOPLIST_FILE = "Nomful-AppTests/Info.plist";
				LD_RUNPATH_SEARCH_PATHS = "$(inherited) @executable_path/Frameworks @loader_path/Frameworks";
				PRODUCT_BUNDLE_IDENTIFIER = "com.Nomful-AppTests";
				PRODUCT_NAME = "$(TARGET_NAME)";
				TEST_HOST = "$(BUILT_PRODUCTS_DIR)/Nomful-App.app/Nomful-App";
			};
			name = Debug;
		};
		21C88A571BAC95CF00792E9C /* Release */ = {
			isa = XCBuildConfiguration;
			baseConfigurationReference = B0C77B8308A6F382C4A349C1 /* Pods-Nomful-AppTests.release.xcconfig */;
			buildSettings = {
				BUNDLE_LOADER = "$(TEST_HOST)";
				INFOPLIST_FILE = "Nomful-AppTests/Info.plist";
				LD_RUNPATH_SEARCH_PATHS = "$(inherited) @executable_path/Frameworks @loader_path/Frameworks";
				PRODUCT_BUNDLE_IDENTIFIER = "com.Nomful-AppTests";
				PRODUCT_NAME = "$(TARGET_NAME)";
				TEST_HOST = "$(BUILT_PRODUCTS_DIR)/Nomful-App.app/Nomful-App";
			};
			name = Release;
		};
		21C88A591BAC95CF00792E9C /* Debug */ = {
			isa = XCBuildConfiguration;
			baseConfigurationReference = 74B2B0DB3B1594F0647ECB7A /* Pods-Nomful-AppUITests.debug.xcconfig */;
			buildSettings = {
				INFOPLIST_FILE = "Nomful-AppUITests/Info.plist";
				LD_RUNPATH_SEARCH_PATHS = "$(inherited) @executable_path/Frameworks @loader_path/Frameworks";
				PRODUCT_BUNDLE_IDENTIFIER = "com.Nomful-AppUITests";
				PRODUCT_NAME = "$(TARGET_NAME)";
				TEST_TARGET_NAME = "Nomful-App";
				USES_XCTRUNNER = YES;
			};
			name = Debug;
		};
		21C88A5A1BAC95CF00792E9C /* Release */ = {
			isa = XCBuildConfiguration;
			baseConfigurationReference = 8A71D6DCBA5596388F989469 /* Pods-Nomful-AppUITests.release.xcconfig */;
			buildSettings = {
				INFOPLIST_FILE = "Nomful-AppUITests/Info.plist";
				LD_RUNPATH_SEARCH_PATHS = "$(inherited) @executable_path/Frameworks @loader_path/Frameworks";
				PRODUCT_BUNDLE_IDENTIFIER = "com.Nomful-AppUITests";
				PRODUCT_NAME = "$(TARGET_NAME)";
				TEST_TARGET_NAME = "Nomful-App";
				USES_XCTRUNNER = YES;
			};
			name = Release;
		};
/* End XCBuildConfiguration section */

/* Begin XCConfigurationList section */
		21C88A1D1BAC95CF00792E9C /* Build configuration list for PBXProject "Nomful-App" */ = {
			isa = XCConfigurationList;
			buildConfigurations = (
				21C88A501BAC95CF00792E9C /* Debug */,
				21C88A511BAC95CF00792E9C /* Release */,
			);
			defaultConfigurationIsVisible = 0;
			defaultConfigurationName = Release;
		};
		21C88A521BAC95CF00792E9C /* Build configuration list for PBXNativeTarget "Nomful-App" */ = {
			isa = XCConfigurationList;
			buildConfigurations = (
				21C88A531BAC95CF00792E9C /* Debug */,
				21C88A541BAC95CF00792E9C /* Release */,
			);
			defaultConfigurationIsVisible = 0;
			defaultConfigurationName = Release;
		};
		21C88A551BAC95CF00792E9C /* Build configuration list for PBXNativeTarget "Nomful-AppTests" */ = {
			isa = XCConfigurationList;
			buildConfigurations = (
				21C88A561BAC95CF00792E9C /* Debug */,
				21C88A571BAC95CF00792E9C /* Release */,
			);
			defaultConfigurationIsVisible = 0;
			defaultConfigurationName = Release;
		};
		21C88A581BAC95CF00792E9C /* Build configuration list for PBXNativeTarget "Nomful-AppUITests" */ = {
			isa = XCConfigurationList;
			buildConfigurations = (
				21C88A591BAC95CF00792E9C /* Debug */,
				21C88A5A1BAC95CF00792E9C /* Release */,
			);
			defaultConfigurationIsVisible = 0;
			defaultConfigurationName = Release;
		};
/* End XCConfigurationList section */

/* Begin XCVersionGroup section */
		21C88A311BAC95CF00792E9C /* Nomful_App.xcdatamodeld */ = {
			isa = XCVersionGroup;
			children = (
				21C88A321BAC95CF00792E9C /* Nomful_App.xcdatamodel */,
			);
			currentVersion = 21C88A321BAC95CF00792E9C /* Nomful_App.xcdatamodel */;
			path = Nomful_App.xcdatamodeld;
			sourceTree = "<group>";
			versionGroupType = wrapper.xcdatamodel;
		};
/* End XCVersionGroup section */
	};
	rootObject = 21C88A1A1BAC95CF00792E9C /* Project object */;
}
